// !$*UTF8*$!
{
	archiveVersion = 1;
	classes = {
	};
	objectVersion = 46;
	objects = {

/* Begin PBXBuildFile section */
		2C0B54F415C5177A0090A055 /* libboost_unit_test_framework.a in Frameworks */ = {isa = PBXBuildFile; fileRef = 2C0B54F315C5177A0090A055 /* libboost_unit_test_framework.a */; };
		2C8D22A615CA0BEB00F73E9E /* ct.framework in Frameworks */ = {isa = PBXBuildFile; fileRef = 2C8D22A515CA0BEB00F73E9E /* ct.framework */; };
		2C8D22A815CA0BEF00F73E9E /* common.framework in Frameworks */ = {isa = PBXBuildFile; fileRef = 2C8D22A715CA0BEF00F73E9E /* common.framework */; };
		ED21DD2406A769F200DBB519 /* altivec_implementation.h in Headers */ = {isa = PBXBuildFile; fileRef = ED21DD1E06A769F200DBB519 /* altivec_implementation.h */; settings = {ATTRIBUTES = (Public, ); }; };
		ED21DD2506A769F200DBB519 /* altivec_math.h in Headers */ = {isa = PBXBuildFile; fileRef = ED21DD1F06A769F200DBB519 /* altivec_math.h */; settings = {ATTRIBUTES = (Public, ); }; };
		ED21DD2606A769F200DBB519 /* altivec_traits.h in Headers */ = {isa = PBXBuildFile; fileRef = ED21DD2006A769F200DBB519 /* altivec_traits.h */; settings = {ATTRIBUTES = (Public, ); }; };
		ED21DD2706A769F200DBB519 /* altivec_types.h in Headers */ = {isa = PBXBuildFile; fileRef = ED21DD2106A769F200DBB519 /* altivec_types.h */; settings = {ATTRIBUTES = (Public, ); }; };
		ED21DD2806A769F200DBB519 /* base_operation.h in Headers */ = {isa = PBXBuildFile; fileRef = ED21DD2206A769F200DBB519 /* base_operation.h */; settings = {ATTRIBUTES = (Public, ); }; };
		ED21DD2906A769F200DBB519 /* config.h in Headers */ = {isa = PBXBuildFile; fileRef = ED21DD2306A769F200DBB519 /* config.h */; settings = {ATTRIBUTES = (Public, ); }; };
		ED21DD3806A76A0700DBB519 /* emulation_implementation.h in Headers */ = {isa = PBXBuildFile; fileRef = ED21DD2A06A76A0700DBB519 /* emulation_implementation.h */; settings = {ATTRIBUTES = (Public, ); }; };
		ED21DD3906A76A0700DBB519 /* emulation_math.h in Headers */ = {isa = PBXBuildFile; fileRef = ED21DD2B06A76A0700DBB519 /* emulation_math.h */; settings = {ATTRIBUTES = (Public, ); }; };
		ED21DD3A06A76A0700DBB519 /* forward.h in Headers */ = {isa = PBXBuildFile; fileRef = ED21DD2C06A76A0700DBB519 /* forward.h */; settings = {ATTRIBUTES = (Public, ); }; };
		ED21DD3B06A76A0700DBB519 /* functional.h in Headers */ = {isa = PBXBuildFile; fileRef = ED21DD2D06A76A0700DBB519 /* functional.h */; settings = {ATTRIBUTES = (Public, ); }; };
		ED21DD3C06A76A0700DBB519 /* implementation.h in Headers */ = {isa = PBXBuildFile; fileRef = ED21DD2E06A76A0700DBB519 /* implementation.h */; settings = {ATTRIBUTES = (Public, ); }; };
		ED21DD3D06A76A0700DBB519 /* metafunction.h in Headers */ = {isa = PBXBuildFile; fileRef = ED21DD2F06A76A0700DBB519 /* metafunction.h */; settings = {ATTRIBUTES = (Public, ); }; };
		ED21DD3E06A76A0700DBB519 /* scalar_implementation.h in Headers */ = {isa = PBXBuildFile; fileRef = ED21DD3006A76A0700DBB519 /* scalar_implementation.h */; settings = {ATTRIBUTES = (Public, ); }; };
		ED21DD3F06A76A0700DBB519 /* scalar_math.h in Headers */ = {isa = PBXBuildFile; fileRef = ED21DD3106A76A0700DBB519 /* scalar_math.h */; settings = {ATTRIBUTES = (Public, ); }; };
		ED21DD4006A76A0700DBB519 /* scalar_traits.h in Headers */ = {isa = PBXBuildFile; fileRef = ED21DD3206A76A0700DBB519 /* scalar_traits.h */; settings = {ATTRIBUTES = (Public, ); }; };
		ED21DD4106A76A0700DBB519 /* traits.h in Headers */ = {isa = PBXBuildFile; fileRef = ED21DD3306A76A0700DBB519 /* traits.h */; settings = {ATTRIBUTES = (Public, ); }; };
		ED21DD4206A76A0700DBB519 /* types.h in Headers */ = {isa = PBXBuildFile; fileRef = ED21DD3406A76A0700DBB519 /* types.h */; settings = {ATTRIBUTES = (Public, ); }; };
		ED21DD4306A76A0700DBB519 /* vecLib_wrappers.h in Headers */ = {isa = PBXBuildFile; fileRef = ED21DD3506A76A0700DBB519 /* vecLib_wrappers.h */; settings = {ATTRIBUTES = (Public, ); }; };
		ED21DD4406A76A0700DBB519 /* vector.h in Headers */ = {isa = PBXBuildFile; fileRef = ED21DD3606A76A0700DBB519 /* vector.h */; settings = {ATTRIBUTES = (Public, ); }; };
		ED21DD4506A76A0700DBB519 /* vvm.h in Headers */ = {isa = PBXBuildFile; fileRef = ED21DD3706A76A0700DBB519 /* vvm.h */; settings = {ATTRIBUTES = (Public, ); }; };
		ED21DD4C06A76A4200DBB519 /* vecLib_wrappers.cpp in Sources */ = {isa = PBXBuildFile; fileRef = ED21DD4906A76A4200DBB519 /* vecLib_wrappers.cpp */; };
		ED3B703C06B2432000E4010F /* load.cpp in Sources */ = {isa = PBXBuildFile; fileRef = ED3B700F06B2426E00E4010F /* load.cpp */; };
		ED3B703E06B2433200E4010F /* vvm.framework in Frameworks */ = {isa = PBXBuildFile; fileRef = ED21DD1606A769A400DBB519 /* vvm.framework */; };
		ED43AB8308A6292E007090B3 /* vecLib.framework in Frameworks */ = {isa = PBXBuildFile; fileRef = ED43AB8208A6292E007090B3 /* vecLib.framework */; };
		ED43AB8408A6292E007090B3 /* vecLib.framework in Frameworks */ = {isa = PBXBuildFile; fileRef = ED43AB8208A6292E007090B3 /* vecLib.framework */; };
		ED43AB8508A6292E007090B3 /* vecLib.framework in Frameworks */ = {isa = PBXBuildFile; fileRef = ED43AB8208A6292E007090B3 /* vecLib.framework */; };
		ED43AB8608A6292E007090B3 /* vecLib.framework in Frameworks */ = {isa = PBXBuildFile; fileRef = ED43AB8208A6292E007090B3 /* vecLib.framework */; };
		ED5C30DA085E8A7A00B25663 /* test_all.cpp in Sources */ = {isa = PBXBuildFile; fileRef = ED5C30C7085E8A4200B25663 /* test_all.cpp */; };
		ED5C30E9085E8ACB00B25663 /* vvm.framework in Frameworks */ = {isa = PBXBuildFile; fileRef = ED21DD1606A769A400DBB519 /* vvm.framework */; };
		ED6D268608228012005D0FE8 /* main.cpp in Sources */ = {isa = PBXBuildFile; fileRef = ED6D267D08227FF2005D0FE8 /* main.cpp */; };
/* End PBXBuildFile section */

/* Begin PBXBuildRule section */
		ED5C3159085E8D3E00B25663 /* PBXBuildRule */ = {
			isa = PBXBuildRule;
			compilerSpec = com.apple.compilers.gcc.3_3;
			fileType = sourcecode.c;
			isEditable = 1;
			outputFiles = (
			);
		};
		ED6D26980822811E005D0FE8 /* PBXBuildRule */ = {
			isa = PBXBuildRule;
			compilerSpec = com.apple.compilers.gcc.4_0;
			fileType = sourcecode.c;
			isEditable = 1;
			outputFiles = (
			);
		};
/* End PBXBuildRule section */

/* Begin PBXContainerItemProxy section */
		ED3B703F06B2434800E4010F /* PBXContainerItemProxy */ = {
			isa = PBXContainerItemProxy;
			containerPortal = ED21DD0206A7697400DBB519 /* Project object */;
			proxyType = 1;
			remoteGlobalIDString = ED21DD1506A769A400DBB519;
			remoteInfo = vvm;
		};
/* End PBXContainerItemProxy section */

/* Begin PBXFileReference section */
		2C0B54F315C5177A0090A055 /* libboost_unit_test_framework.a */ = {isa = PBXFileReference; lastKnownFileType = archive.ar; name = libboost_unit_test_framework.a; path = ../boost_1_50_0/stage/lib/libboost_unit_test_framework.a; sourceTree = "<group>"; };
		2C8D22A515CA0BEB00F73E9E /* ct.framework */ = {isa = PBXFileReference; lastKnownFileType = file; name = ct.framework; path = ../ct/build/Default/ct.framework; sourceTree = "<group>"; };
		2C8D22A715CA0BEF00F73E9E /* common.framework */ = {isa = PBXFileReference; lastKnownFileType = file; name = common.framework; path = ../common/build/Release/common.framework; sourceTree = "<group>"; };
		ED21DD1606A769A400DBB519 /* vvm.framework */ = {isa = PBXFileReference; explicitFileType = wrapper.framework; includeInIndex = 0; path = vvm.framework; sourceTree = BUILT_PRODUCTS_DIR; };
		ED21DD1806A769A400DBB519 /* vvm-Info.plist */ = {isa = PBXFileReference; lastKnownFileType = text.plist.xml; path = "vvm-Info.plist"; sourceTree = SOURCE_ROOT; };
		ED21DD1E06A769F200DBB519 /* altivec_implementation.h */ = {isa = PBXFileReference; fileEncoding = 30; lastKnownFileType = sourcecode.c.h; name = altivec_implementation.h; path = include/vvm/altivec_implementation.h; sourceTree = "<group>"; };
		ED21DD1F06A769F200DBB519 /* altivec_math.h */ = {isa = PBXFileReference; fileEncoding = 30; lastKnownFileType = sourcecode.c.h; name = altivec_math.h; path = include/vvm/altivec_math.h; sourceTree = "<group>"; };
		ED21DD2006A769F200DBB519 /* altivec_traits.h */ = {isa = PBXFileReference; fileEncoding = 30; lastKnownFileType = sourcecode.c.h; name = altivec_traits.h; path = include/vvm/altivec_traits.h; sourceTree = "<group>"; };
		ED21DD2106A769F200DBB519 /* altivec_types.h */ = {isa = PBXFileReference; fileEncoding = 30; lastKnownFileType = sourcecode.c.h; name = altivec_types.h; path = include/vvm/altivec_types.h; sourceTree = "<group>"; };
		ED21DD2206A769F200DBB519 /* base_operation.h */ = {isa = PBXFileReference; fileEncoding = 30; lastKnownFileType = sourcecode.c.h; name = base_operation.h; path = include/vvm/base_operation.h; sourceTree = "<group>"; };
		ED21DD2306A769F200DBB519 /* config.h */ = {isa = PBXFileReference; fileEncoding = 30; lastKnownFileType = sourcecode.c.h; name = config.h; path = include/vvm/config.h; sourceTree = "<group>"; };
		ED21DD2A06A76A0700DBB519 /* emulation_implementation.h */ = {isa = PBXFileReference; fileEncoding = 30; lastKnownFileType = sourcecode.c.h; name = emulation_implementation.h; path = include/vvm/emulation_implementation.h; sourceTree = "<group>"; };
		ED21DD2B06A76A0700DBB519 /* emulation_math.h */ = {isa = PBXFileReference; fileEncoding = 30; lastKnownFileType = sourcecode.c.h; name = emulation_math.h; path = include/vvm/emulation_math.h; sourceTree = "<group>"; };
		ED21DD2C06A76A0700DBB519 /* forward.h */ = {isa = PBXFileReference; fileEncoding = 30; lastKnownFileType = sourcecode.c.h; name = forward.h; path = include/vvm/forward.h; sourceTree = "<group>"; };
		ED21DD2D06A76A0700DBB519 /* functional.h */ = {isa = PBXFileReference; fileEncoding = 30; lastKnownFileType = sourcecode.c.h; name = functional.h; path = include/vvm/functional.h; sourceTree = "<group>"; };
		ED21DD2E06A76A0700DBB519 /* implementation.h */ = {isa = PBXFileReference; fileEncoding = 30; lastKnownFileType = sourcecode.c.h; name = implementation.h; path = include/vvm/implementation.h; sourceTree = "<group>"; };
		ED21DD2F06A76A0700DBB519 /* metafunction.h */ = {isa = PBXFileReference; fileEncoding = 30; lastKnownFileType = sourcecode.c.h; name = metafunction.h; path = include/vvm/metafunction.h; sourceTree = "<group>"; };
		ED21DD3006A76A0700DBB519 /* scalar_implementation.h */ = {isa = PBXFileReference; fileEncoding = 30; lastKnownFileType = sourcecode.c.h; name = scalar_implementation.h; path = include/vvm/scalar_implementation.h; sourceTree = "<group>"; };
		ED21DD3106A76A0700DBB519 /* scalar_math.h */ = {isa = PBXFileReference; fileEncoding = 30; lastKnownFileType = sourcecode.c.h; name = scalar_math.h; path = include/vvm/scalar_math.h; sourceTree = "<group>"; };
		ED21DD3206A76A0700DBB519 /* scalar_traits.h */ = {isa = PBXFileReference; fileEncoding = 30; lastKnownFileType = sourcecode.c.h; name = scalar_traits.h; path = include/vvm/scalar_traits.h; sourceTree = "<group>"; };
		ED21DD3306A76A0700DBB519 /* traits.h */ = {isa = PBXFileReference; fileEncoding = 30; lastKnownFileType = sourcecode.c.h; name = traits.h; path = include/vvm/traits.h; sourceTree = "<group>"; };
		ED21DD3406A76A0700DBB519 /* types.h */ = {isa = PBXFileReference; fileEncoding = 30; lastKnownFileType = sourcecode.c.h; name = types.h; path = include/vvm/types.h; sourceTree = "<group>"; };
		ED21DD3506A76A0700DBB519 /* vecLib_wrappers.h */ = {isa = PBXFileReference; fileEncoding = 30; lastKnownFileType = sourcecode.c.h; name = vecLib_wrappers.h; path = include/vvm/vecLib_wrappers.h; sourceTree = "<group>"; };
		ED21DD3606A76A0700DBB519 /* vector.h */ = {isa = PBXFileReference; fileEncoding = 30; lastKnownFileType = sourcecode.c.h; name = vector.h; path = include/vvm/vector.h; sourceTree = "<group>"; };
		ED21DD3706A76A0700DBB519 /* vvm.h */ = {isa = PBXFileReference; fileEncoding = 30; lastKnownFileType = sourcecode.c.h; name = vvm.h; path = include/vvm/vvm.h; sourceTree = "<group>"; };
		ED21DD4906A76A4200DBB519 /* vecLib_wrappers.cpp */ = {isa = PBXFileReference; fileEncoding = 30; lastKnownFileType = sourcecode.cpp.cpp; name = vecLib_wrappers.cpp; path = src/vecLib_wrappers.cpp; sourceTree = "<group>"; };
		ED3B700F06B2426E00E4010F /* load.cpp */ = {isa = PBXFileReference; fileEncoding = 30; lastKnownFileType = sourcecode.cpp.cpp; name = load.cpp; path = test/load.cpp; sourceTree = "<group>"; };
		ED3B703306B242F000E4010F /* load */ = {isa = PBXFileReference; explicitFileType = "compiled.mach-o.executable"; includeInIndex = 0; path = load; sourceTree = BUILT_PRODUCTS_DIR; };
		ED43AB8208A6292E007090B3 /* vecLib.framework */ = {isa = PBXFileReference; lastKnownFileType = wrapper.framework; name = vecLib.framework; path = /System/Library/Frameworks/vecLib.framework; sourceTree = "<absolute>"; };
		ED5C30BF085E8A4200B25663 /* arithmetic.cpp */ = {isa = PBXFileReference; fileEncoding = 30; lastKnownFileType = sourcecode.cpp.cpp; name = arithmetic.cpp; path = test/arithmetic.cpp; sourceTree = "<group>"; };
		ED5C30C0085E8A4200B25663 /* bitwise.cpp */ = {isa = PBXFileReference; fileEncoding = 30; lastKnownFileType = sourcecode.cpp.cpp; name = bitwise.cpp; path = test/bitwise.cpp; sourceTree = "<group>"; };
		ED5C30C1085E8A4200B25663 /* comparison.cpp */ = {isa = PBXFileReference; fileEncoding = 30; lastKnownFileType = sourcecode.cpp.cpp; name = comparison.cpp; path = test/comparison.cpp; sourceTree = "<group>"; };
		ED5C30C2085E8A4200B25663 /* functional.cpp */ = {isa = PBXFileReference; fileEncoding = 30; lastKnownFileType = sourcecode.cpp.cpp; name = functional.cpp; path = test/functional.cpp; sourceTree = "<group>"; };
		ED5C30C3085E8A4200B25663 /* info.cpp */ = {isa = PBXFileReference; fileEncoding = 30; lastKnownFileType = sourcecode.cpp.cpp; name = info.cpp; path = test/info.cpp; sourceTree = "<group>"; };
		ED5C30C4085E8A4200B25663 /* logical.cpp */ = {isa = PBXFileReference; fileEncoding = 30; lastKnownFileType = sourcecode.cpp.cpp; name = logical.cpp; path = test/logical.cpp; sourceTree = "<group>"; };
		ED5C30C5085E8A4200B25663 /* math.cpp */ = {isa = PBXFileReference; fileEncoding = 30; lastKnownFileType = sourcecode.cpp.cpp; name = math.cpp; path = test/math.cpp; sourceTree = "<group>"; };
		ED5C30C6085E8A4200B25663 /* store.cpp */ = {isa = PBXFileReference; fileEncoding = 30; lastKnownFileType = sourcecode.cpp.cpp; name = store.cpp; path = test/store.cpp; sourceTree = "<group>"; };
		ED5C30C7085E8A4200B25663 /* test_all.cpp */ = {isa = PBXFileReference; fileEncoding = 30; lastKnownFileType = sourcecode.cpp.cpp; name = test_all.cpp; path = test/test_all.cpp; sourceTree = "<group>"; };
		ED5C30C8085E8A4200B25663 /* traits.cpp */ = {isa = PBXFileReference; fileEncoding = 30; lastKnownFileType = sourcecode.cpp.cpp; name = traits.cpp; path = test/traits.cpp; sourceTree = "<group>"; };
		ED5C30C9085E8A4200B25663 /* types.cpp */ = {isa = PBXFileReference; fileEncoding = 30; lastKnownFileType = sourcecode.cpp.cpp; name = types.cpp; path = test/types.cpp; sourceTree = "<group>"; };
		ED5C30CA085E8A4200B25663 /* util.cpp */ = {isa = PBXFileReference; fileEncoding = 30; lastKnownFileType = sourcecode.cpp.cpp; name = util.cpp; path = test/util.cpp; sourceTree = "<group>"; };
		ED5C30CB085E8A4200B25663 /* vector_cast.cpp */ = {isa = PBXFileReference; fileEncoding = 30; lastKnownFileType = sourcecode.cpp.cpp; name = vector_cast.cpp; path = test/vector_cast.cpp; sourceTree = "<group>"; };
		ED5C30D4085E8A7000B25663 /* test_all */ = {isa = PBXFileReference; explicitFileType = "compiled.mach-o.executable"; includeInIndex = 0; path = test_all; sourceTree = BUILT_PRODUCTS_DIR; };
		ED6D267B08227FF2005D0FE8 /* altivec.cpp */ = {isa = PBXFileReference; fileEncoding = 30; lastKnownFileType = sourcecode.cpp.cpp; name = altivec.cpp; path = timing/altivec.cpp; sourceTree = "<group>"; };
		ED6D267C08227FF2005D0FE8 /* implementation.cpp */ = {isa = PBXFileReference; fileEncoding = 30; lastKnownFileType = sourcecode.cpp.cpp; name = implementation.cpp; path = timing/implementation.cpp; sourceTree = "<group>"; };
		ED6D267D08227FF2005D0FE8 /* main.cpp */ = {isa = PBXFileReference; fileEncoding = 30; lastKnownFileType = sourcecode.cpp.cpp; name = main.cpp; path = timing/main.cpp; sourceTree = "<group>"; };
		ED6D268108228006005D0FE8 /* timing */ = {isa = PBXFileReference; explicitFileType = "compiled.mach-o.executable"; includeInIndex = 0; path = timing; sourceTree = BUILT_PRODUCTS_DIR; };
/* End PBXFileReference section */

/* Begin PBXFrameworksBuildPhase section */
		ED21DD1406A769A400DBB519 /* Frameworks */ = {
			isa = PBXFrameworksBuildPhase;
			buildActionMask = 2147483647;
			files = (
				2C8D22A815CA0BEF00F73E9E /* common.framework in Frameworks */,
				2C8D22A615CA0BEB00F73E9E /* ct.framework in Frameworks */,
				ED43AB8308A6292E007090B3 /* vecLib.framework in Frameworks */,
			);
			runOnlyForDeploymentPostprocessing = 0;
		};
		ED3B703106B242F000E4010F /* Frameworks */ = {
			isa = PBXFrameworksBuildPhase;
			buildActionMask = 2147483647;
			files = (
				ED3B703E06B2433200E4010F /* vvm.framework in Frameworks */,
				ED43AB8608A6292E007090B3 /* vecLib.framework in Frameworks */,
			);
			runOnlyForDeploymentPostprocessing = 0;
		};
		ED5C30D2085E8A7000B25663 /* Frameworks */ = {
			isa = PBXFrameworksBuildPhase;
			buildActionMask = 2147483647;
			files = (
				ED5C30E9085E8ACB00B25663 /* vvm.framework in Frameworks */,
				ED43AB8408A6292E007090B3 /* vecLib.framework in Frameworks */,
				2C0B54F415C5177A0090A055 /* libboost_unit_test_framework.a in Frameworks */,
			);
			runOnlyForDeploymentPostprocessing = 0;
		};
		ED6D267F08228006005D0FE8 /* Frameworks */ = {
			isa = PBXFrameworksBuildPhase;
			buildActionMask = 2147483647;
			files = (
				ED43AB8508A6292E007090B3 /* vecLib.framework in Frameworks */,
			);
			runOnlyForDeploymentPostprocessing = 0;
		};
/* End PBXFrameworksBuildPhase section */

/* Begin PBXGroup section */
		ED21DCFE06A7697300DBB519 = {
			isa = PBXGroup;
			children = (
				ED6D267808227FCA005D0FE8 /* Timing */,
				ED3B700E06B2425100E4010F /* Test */,
				ED21DD4606A76A2D00DBB519 /* Sources */,
				ED21DD1D06A769D400DBB519 /* Headers */,
				ED21DD1706A769A400DBB519 /* Products */,
				EDDE840206A7806A00063A07 /* Frameworks */,
				ED21DD1806A769A400DBB519 /* vvm-Info.plist */,
			);
			sourceTree = "<group>";
		};
		ED21DD1706A769A400DBB519 /* Products */ = {
			isa = PBXGroup;
			children = (
				ED21DD1606A769A400DBB519 /* vvm.framework */,
				ED3B703306B242F000E4010F /* load */,
				ED6D268108228006005D0FE8 /* timing */,
				ED5C30D4085E8A7000B25663 /* test_all */,
			);
			name = Products;
			sourceTree = "<group>";
		};
		ED21DD1D06A769D400DBB519 /* Headers */ = {
			isa = PBXGroup;
			children = (
				ED21DD2A06A76A0700DBB519 /* emulation_implementation.h */,
				ED21DD2B06A76A0700DBB519 /* emulation_math.h */,
				ED21DD2C06A76A0700DBB519 /* forward.h */,
				ED21DD2D06A76A0700DBB519 /* functional.h */,
				ED21DD2E06A76A0700DBB519 /* implementation.h */,
				ED21DD2F06A76A0700DBB519 /* metafunction.h */,
				ED21DD3006A76A0700DBB519 /* scalar_implementation.h */,
				ED21DD3106A76A0700DBB519 /* scalar_math.h */,
				ED21DD3206A76A0700DBB519 /* scalar_traits.h */,
				ED21DD3306A76A0700DBB519 /* traits.h */,
				ED21DD3406A76A0700DBB519 /* types.h */,
				ED21DD3506A76A0700DBB519 /* vecLib_wrappers.h */,
				ED21DD3606A76A0700DBB519 /* vector.h */,
				ED21DD3706A76A0700DBB519 /* vvm.h */,
				ED21DD1E06A769F200DBB519 /* altivec_implementation.h */,
				ED21DD1F06A769F200DBB519 /* altivec_math.h */,
				ED21DD2006A769F200DBB519 /* altivec_traits.h */,
				ED21DD2106A769F200DBB519 /* altivec_types.h */,
				ED21DD2206A769F200DBB519 /* base_operation.h */,
				ED21DD2306A769F200DBB519 /* config.h */,
			);
			name = Headers;
			sourceTree = "<group>";
		};
		ED21DD4606A76A2D00DBB519 /* Sources */ = {
			isa = PBXGroup;
			children = (
				ED21DD4906A76A4200DBB519 /* vecLib_wrappers.cpp */,
			);
			name = Sources;
			sourceTree = "<group>";
		};
		ED3B700E06B2425100E4010F /* Test */ = {
			isa = PBXGroup;
			children = (
				ED5C30BF085E8A4200B25663 /* arithmetic.cpp */,
				ED5C30C0085E8A4200B25663 /* bitwise.cpp */,
				ED5C30C1085E8A4200B25663 /* comparison.cpp */,
				ED5C30C2085E8A4200B25663 /* functional.cpp */,
				ED5C30C3085E8A4200B25663 /* info.cpp */,
				ED5C30C4085E8A4200B25663 /* logical.cpp */,
				ED5C30C5085E8A4200B25663 /* math.cpp */,
				ED5C30C6085E8A4200B25663 /* store.cpp */,
				ED5C30C7085E8A4200B25663 /* test_all.cpp */,
				ED5C30C8085E8A4200B25663 /* traits.cpp */,
				ED5C30C9085E8A4200B25663 /* types.cpp */,
				ED5C30CA085E8A4200B25663 /* util.cpp */,
				ED5C30CB085E8A4200B25663 /* vector_cast.cpp */,
				ED3B700F06B2426E00E4010F /* load.cpp */,
			);
			name = Test;
			sourceTree = "<group>";
		};
		ED6D267808227FCA005D0FE8 /* Timing */ = {
			isa = PBXGroup;
			children = (
				ED6D267B08227FF2005D0FE8 /* altivec.cpp */,
				ED6D267C08227FF2005D0FE8 /* implementation.cpp */,
				ED6D267D08227FF2005D0FE8 /* main.cpp */,
			);
			name = Timing;
			sourceTree = "<group>";
		};
		EDDE840206A7806A00063A07 /* Frameworks */ = {
			isa = PBXGroup;
			children = (
				2C8D22A715CA0BEF00F73E9E /* common.framework */,
				2C8D22A515CA0BEB00F73E9E /* ct.framework */,
				2C0B54F315C5177A0090A055 /* libboost_unit_test_framework.a */,
				ED43AB8208A6292E007090B3 /* vecLib.framework */,
			);
			name = Frameworks;
			sourceTree = "<group>";
		};
/* End PBXGroup section */

/* Begin PBXHeadersBuildPhase section */
		ED21DD1006A769A400DBB519 /* Headers */ = {
			isa = PBXHeadersBuildPhase;
			buildActionMask = 2147483647;
			files = (
				ED21DD2406A769F200DBB519 /* altivec_implementation.h in Headers */,
				ED21DD2506A769F200DBB519 /* altivec_math.h in Headers */,
				ED21DD2606A769F200DBB519 /* altivec_traits.h in Headers */,
				ED21DD2706A769F200DBB519 /* altivec_types.h in Headers */,
				ED21DD2806A769F200DBB519 /* base_operation.h in Headers */,
				ED21DD2906A769F200DBB519 /* config.h in Headers */,
				ED21DD3806A76A0700DBB519 /* emulation_implementation.h in Headers */,
				ED21DD3906A76A0700DBB519 /* emulation_math.h in Headers */,
				ED21DD3A06A76A0700DBB519 /* forward.h in Headers */,
				ED21DD3B06A76A0700DBB519 /* functional.h in Headers */,
				ED21DD3C06A76A0700DBB519 /* implementation.h in Headers */,
				ED21DD3D06A76A0700DBB519 /* metafunction.h in Headers */,
				ED21DD3E06A76A0700DBB519 /* scalar_implementation.h in Headers */,
				ED21DD3F06A76A0700DBB519 /* scalar_math.h in Headers */,
				ED21DD4006A76A0700DBB519 /* scalar_traits.h in Headers */,
				ED21DD4106A76A0700DBB519 /* traits.h in Headers */,
				ED21DD4206A76A0700DBB519 /* types.h in Headers */,
				ED21DD4306A76A0700DBB519 /* vecLib_wrappers.h in Headers */,
				ED21DD4406A76A0700DBB519 /* vector.h in Headers */,
				ED21DD4506A76A0700DBB519 /* vvm.h in Headers */,
			);
			runOnlyForDeploymentPostprocessing = 0;
		};
		ED3B702E06B242F000E4010F /* Headers */ = {
			isa = PBXHeadersBuildPhase;
			buildActionMask = 2147483647;
			files = (
			);
			runOnlyForDeploymentPostprocessing = 0;
		};
/* End PBXHeadersBuildPhase section */

/* Begin PBXNativeTarget section */
		ED21DD1506A769A400DBB519 /* vvm */ = {
			isa = PBXNativeTarget;
			buildConfigurationList = ED5C306E085E898C00B25663 /* Build configuration list for PBXNativeTarget "vvm" */;
			buildPhases = (
				ED21DD1006A769A400DBB519 /* Headers */,
				ED21DD1106A769A400DBB519 /* Resources */,
				ED21DD1206A769A400DBB519 /* Sources */,
				ED21DD1306A769A400DBB519 /* Rez */,
				ED21DD1406A769A400DBB519 /* Frameworks */,
			);
			buildRules = (
			);
			dependencies = (
			);
			name = vvm;
			productName = vvm;
			productReference = ED21DD1606A769A400DBB519 /* vvm.framework */;
			productType = "com.apple.product-type.framework";
		};
		ED3B703206B242F000E4010F /* load */ = {
			isa = PBXNativeTarget;
			buildConfigurationList = ED5C3073085E898C00B25663 /* Build configuration list for PBXNativeTarget "load" */;
			buildPhases = (
				ED3B702E06B242F000E4010F /* Headers */,
				ED3B702F06B242F000E4010F /* Sources */,
				ED3B703006B242F000E4010F /* Rez */,
				ED3B703106B242F000E4010F /* Frameworks */,
			);
			buildRules = (
			);
			dependencies = (
				ED3B704006B2434800E4010F /* PBXTargetDependency */,
			);
			name = load;
			productName = load;
			productReference = ED3B703306B242F000E4010F /* load */;
			productType = "com.apple.product-type.tool";
		};
		ED5C30D3085E8A7000B25663 /* test_all */ = {
			isa = PBXNativeTarget;
			buildConfigurationList = ED5C30DF085E8A9700B25663 /* Build configuration list for PBXNativeTarget "test_all" */;
			buildPhases = (
				ED5C30D1085E8A7000B25663 /* Sources */,
				ED5C30D2085E8A7000B25663 /* Frameworks */,
			);
			buildRules = (
				ED5C3159085E8D3E00B25663 /* PBXBuildRule */,
			);
			dependencies = (
			);
			name = test_all;
			productName = test_all;
			productReference = ED5C30D4085E8A7000B25663 /* test_all */;
			productType = "com.apple.product-type.tool";
		};
		ED6D268008228006005D0FE8 /* timing */ = {
			isa = PBXNativeTarget;
			buildConfigurationList = ED5C3078085E898C00B25663 /* Build configuration list for PBXNativeTarget "timing" */;
			buildPhases = (
				ED6D267E08228006005D0FE8 /* Sources */,
				ED6D267F08228006005D0FE8 /* Frameworks */,
			);
			buildRules = (
				ED6D26980822811E005D0FE8 /* PBXBuildRule */,
			);
			dependencies = (
			);
			name = timing;
			productName = timing;
			productReference = ED6D268108228006005D0FE8 /* timing */;
			productType = "com.apple.product-type.tool";
		};
/* End PBXNativeTarget section */

/* Begin PBXProject section */
		ED21DD0206A7697400DBB519 /* Project object */ = {
			isa = PBXProject;
			attributes = {
				LastUpgradeCheck = 0450;
			};
			buildConfigurationList = ED5C3080085E898D00B25663 /* Build configuration list for PBXProject "vvm" */;
			compatibilityVersion = "Xcode 3.2";
			developmentRegion = English;
			hasScannedForEncodings = 1;
			knownRegions = (
				en,
			);
			mainGroup = ED21DCFE06A7697300DBB519;
			productRefGroup = ED21DD1706A769A400DBB519 /* Products */;
			projectDirPath = "";
			projectRoot = "";
			targets = (
				ED21DD1506A769A400DBB519 /* vvm */,
				ED3B703206B242F000E4010F /* load */,
				ED6D268008228006005D0FE8 /* timing */,
				ED5C30D3085E8A7000B25663 /* test_all */,
			);
		};
/* End PBXProject section */

/* Begin PBXResourcesBuildPhase section */
		ED21DD1106A769A400DBB519 /* Resources */ = {
			isa = PBXResourcesBuildPhase;
			buildActionMask = 2147483647;
			files = (
			);
			runOnlyForDeploymentPostprocessing = 0;
		};
/* End PBXResourcesBuildPhase section */

/* Begin PBXRezBuildPhase section */
		ED21DD1306A769A400DBB519 /* Rez */ = {
			isa = PBXRezBuildPhase;
			buildActionMask = 2147483647;
			files = (
			);
			runOnlyForDeploymentPostprocessing = 0;
		};
		ED3B703006B242F000E4010F /* Rez */ = {
			isa = PBXRezBuildPhase;
			buildActionMask = 2147483647;
			files = (
			);
			runOnlyForDeploymentPostprocessing = 0;
		};
/* End PBXRezBuildPhase section */

/* Begin PBXSourcesBuildPhase section */
		ED21DD1206A769A400DBB519 /* Sources */ = {
			isa = PBXSourcesBuildPhase;
			buildActionMask = 2147483647;
			files = (
				ED21DD4C06A76A4200DBB519 /* vecLib_wrappers.cpp in Sources */,
			);
			runOnlyForDeploymentPostprocessing = 0;
		};
		ED3B702F06B242F000E4010F /* Sources */ = {
			isa = PBXSourcesBuildPhase;
			buildActionMask = 2147483647;
			files = (
				ED3B703C06B2432000E4010F /* load.cpp in Sources */,
			);
			runOnlyForDeploymentPostprocessing = 0;
		};
		ED5C30D1085E8A7000B25663 /* Sources */ = {
			isa = PBXSourcesBuildPhase;
			buildActionMask = 2147483647;
			files = (
				ED5C30DA085E8A7A00B25663 /* test_all.cpp in Sources */,
			);
			runOnlyForDeploymentPostprocessing = 0;
		};
		ED6D267E08228006005D0FE8 /* Sources */ = {
			isa = PBXSourcesBuildPhase;
			buildActionMask = 2147483647;
			files = (
				ED6D268608228012005D0FE8 /* main.cpp in Sources */,
			);
			runOnlyForDeploymentPostprocessing = 0;
		};
/* End PBXSourcesBuildPhase section */

/* Begin PBXTargetDependency section */
		ED3B704006B2434800E4010F /* PBXTargetDependency */ = {
			isa = PBXTargetDependency;
			target = ED21DD1506A769A400DBB519 /* vvm */;
			targetProxy = ED3B703F06B2434800E4010F /* PBXContainerItemProxy */;
		};
/* End PBXTargetDependency section */

/* Begin XCBuildConfiguration section */
		ED5C306F085E898C00B25663 /* Development */ = {
			isa = XCBuildConfiguration;
			buildSettings = {
				COPY_PHASE_STRIP = NO;
				DYLIB_COMPATIBILITY_VERSION = 1;
				DYLIB_CURRENT_VERSION = 1;
				FRAMEWORK_SEARCH_PATHS = (
					"$(FRAMEWORKS_ROOT)",
					"$(FRAMEWORK_SEARCH_PATHS_QUOTED_FOR_TARGET_1)",
				);
				FRAMEWORK_SEARCH_PATHS_QUOTED_FOR_TARGET_1 = "\"$(SRCROOT)/../../../../Library/Developer/Xcode/DerivedData/labvvis-afxhdvyhmimrmccvqcbdldhxjufc/Build/Products/Development\"";
				FRAMEWORK_VERSION = A;
				GCC_PRECOMPILE_PREFIX_HEADER = YES;
				GCC_PREFIX_HEADER = "$(SYSTEM_LIBRARY_DIR)/Frameworks/Carbon.framework/Headers/Carbon.h";
				GCC_WARN_FOUR_CHARACTER_CONSTANTS = NO;
				GCC_WARN_UNKNOWN_PRAGMAS = NO;
				INFOPLIST_FILE = "vvm-Info.plist";
				INSTALL_PATH = "@executable_path/../Frameworks";
				OTHER_CFLAGS = "";
				OTHER_LDFLAGS = "";
				OTHER_REZFLAGS = "";
				PRODUCT_NAME = vvm;
				REZ_EXECUTABLE = NO;
				SECTORDER_FLAGS = "";
				WARNING_CFLAGS = "-Wmost";
			};
			name = Development;
		};
		ED5C3070085E898C00B25663 /* Deployment */ = {
			isa = XCBuildConfiguration;
			buildSettings = {
				COPY_PHASE_STRIP = YES;
				DYLIB_COMPATIBILITY_VERSION = 1;
				DYLIB_CURRENT_VERSION = 1;
				FRAMEWORK_SEARCH_PATHS = (
					"$(FRAMEWORKS_ROOT)",
					"$(FRAMEWORK_SEARCH_PATHS_QUOTED_FOR_TARGET_1)",
				);
				FRAMEWORK_SEARCH_PATHS_QUOTED_FOR_TARGET_1 = "\"$(SRCROOT)/../../../../Library/Developer/Xcode/DerivedData/labvvis-afxhdvyhmimrmccvqcbdldhxjufc/Build/Products/Development\"";
				FRAMEWORK_VERSION = A;
				GCC_ALTIVEC_EXTENSIONS = YES;
				GCC_PRECOMPILE_PREFIX_HEADER = YES;
				GCC_PREFIX_HEADER = "$(SYSTEM_LIBRARY_DIR)/Frameworks/Carbon.framework/Headers/Carbon.h";
				GCC_WARN_FOUR_CHARACTER_CONSTANTS = NO;
				GCC_WARN_UNKNOWN_PRAGMAS = NO;
				HEADER_SEARCH_PATHS = "$(BOOST_PATH)";
				INFOPLIST_FILE = "vvm-Info.plist";
				INSTALL_PATH = "@executable_path/../Frameworks";
				OTHER_CFLAGS = "";
				OTHER_LDFLAGS = "";
				OTHER_REZFLAGS = "";
				PRODUCT_NAME = vvm;
				REZ_EXECUTABLE = NO;
				SECTORDER_FLAGS = "";
				WARNING_CFLAGS = "-Wmost";
			};
			name = Deployment;
		};
		ED5C3074085E898C00B25663 /* Development */ = {
			isa = XCBuildConfiguration;
			buildSettings = {
				COPY_PHASE_STRIP = NO;
				FRAMEWORK_SEARCH_PATHS = "$(FRAMEWORKS_ROOT)";
				GCC_PRECOMPILE_PREFIX_HEADER = YES;
				GCC_PREFIX_HEADER = "$(SYSTEM_LIBRARY_DIR)/Frameworks/Carbon.framework/Headers/Carbon.h";
				GCC_WARN_FOUR_CHARACTER_CONSTANTS = NO;
				GCC_WARN_UNKNOWN_PRAGMAS = NO;
				INSTALL_PATH = /usr/local/bin;
				OTHER_CFLAGS = "";
				OTHER_LDFLAGS = "";
				OTHER_REZFLAGS = "";
				PRODUCT_NAME = load;
				REZ_EXECUTABLE = YES;
				SECTORDER_FLAGS = "";
				WARNING_CFLAGS = "-Wmost";
			};
			name = Development;
		};
		ED5C3075085E898C00B25663 /* Deployment */ = {
			isa = XCBuildConfiguration;
			buildSettings = {
				COPY_PHASE_STRIP = YES;
				FRAMEWORK_SEARCH_PATHS = "$(FRAMEWORKS_ROOT)";
				GCC_ALTIVEC_EXTENSIONS = NO;
				GCC_PRECOMPILE_PREFIX_HEADER = YES;
				GCC_PREFIX_HEADER = "$(SYSTEM_LIBRARY_DIR)/Frameworks/Carbon.framework/Headers/Carbon.h";
				GCC_WARN_FOUR_CHARACTER_CONSTANTS = NO;
				GCC_WARN_UNKNOWN_PRAGMAS = NO;
				HEADER_SEARCH_PATHS = (
					"$(BOOST_ROOT)",
					"$(CT_INCLUDE_PATH)",
				);
				INSTALL_PATH = /usr/local/bin;
				OTHER_CFLAGS = "";
				OTHER_LDFLAGS = "";
				OTHER_REZFLAGS = "";
				PRODUCT_NAME = load;
				REZ_EXECUTABLE = YES;
				SECTORDER_FLAGS = "";
				WARNING_CFLAGS = "-Wmost";
			};
			name = Deployment;
		};
		ED5C3079085E898C00B25663 /* Development */ = {
			isa = XCBuildConfiguration;
			buildSettings = {
				COPY_PHASE_STRIP = NO;
				FRAMEWORK_SEARCH_PATHS = "$(FRAMEWORKS_ROOT)";
				GCC_GENERATE_DEBUGGING_SYMBOLS = NO;
				GCC_MODEL_TUNING = G5;
				HEADER_SEARCH_PATHS = (
					"$(BOOST_ROOT)",
					/Users/bclai/thesis/projects/vvm2/timing/include,
					/Users/bclai/thesis/projects/vvm2/timing/include/arithmetic,
					/Users/bclai/thesis/projects/common/include,
					/Users/bclai/thesis/projects/ct/include,
				);
				INSTALL_PATH = "$(HOME)/bin";
				OTHER_CFLAGS = "";
				OTHER_LDFLAGS = "";
				OTHER_REZFLAGS = "";
				PRODUCT_NAME = timing;
				SECTORDER_FLAGS = "";
				WARNING_CFLAGS = (
					"-Wmost",
					"-Wno-four-char-constants",
					"-Wno-unknown-pragmas",
				);
			};
			name = Development;
		};
		ED5C307A085E898C00B25663 /* Deployment */ = {
			isa = XCBuildConfiguration;
			buildSettings = {
				COPY_PHASE_STRIP = YES;
				FRAMEWORK_SEARCH_PATHS = "$(FRAMEWORKS_ROOT)";
				GCC_ALTIVEC_EXTENSIONS = NO;
				GCC_GENERATE_DEBUGGING_SYMBOLS = NO;
				GCC_MODEL_TUNING = G5;
				HEADER_SEARCH_PATHS = (
					"$(BOOST_ROOT)",
					"$(CT_INCLUDE_PATH)",
				);
				INSTALL_PATH = "$(HOME)/bin";
				OTHER_CFLAGS = "";
				OTHER_LDFLAGS = "";
				OTHER_REZFLAGS = "";
				PRODUCT_NAME = timing;
				SECTORDER_FLAGS = "";
				WARNING_CFLAGS = (
					"-Wmost",
					"-Wno-four-char-constants",
					"-Wno-unknown-pragmas",
				);
			};
			name = Deployment;
		};
		ED5C3081085E898D00B25663 /* Development */ = {
			isa = XCBuildConfiguration;
			buildSettings = {
				ARCHS = "$(ARCHS_STANDARD_32_BIT)";
				BOOST_PATH = "${PROJECT_DIR}/../boost_1_50_0";
				COMBINE_HIDPI_IMAGES = YES;
				HEADER_SEARCH_PATHS = "${BOOST_PATH}";
			};
			name = Development;
		};
		ED5C3082085E898D00B25663 /* Deployment */ = {
			isa = XCBuildConfiguration;
			buildSettings = {
				ARCHS = "$(ARCHS_STANDARD_32_BIT)";
				BOOST_PATH = "${PROJECT_DIR}/../boost_1_50_0";
				COMBINE_HIDPI_IMAGES = YES;
				HEADER_SEARCH_PATHS = "${BOOST_PATH}";
			};
			name = Deployment;
		};
		ED5C30E0085E8A9700B25663 /* Development */ = {
			isa = XCBuildConfiguration;
			buildSettings = {
				COPY_PHASE_STRIP = NO;
				GCC_GENERATE_DEBUGGING_SYMBOLS = YES;
				GCC_MODEL_TUNING = G5;
				GCC_PREPROCESSOR_DEFINITIONS = TEST_ARITHMETIC;
				INSTALL_PATH = "$(HOME)/bin";
				LIBRARY_SEARCH_PATHS = (
					"$(LIBRARY_SEARCH_PATHS_QUOTED_1)",
					"$(LIBRARY_SEARCH_PATHS_QUOTED_2)",
					"$(BOOST_PATH)/stage/lib",
				);
				OPTIMIZATION_CFLAGS = "-O0";
				OTHER_CFLAGS = "";
				OTHER_REZFLAGS = "";
				PRODUCT_NAME = test_all;
				SECTORDER_FLAGS = "";
				WARNING_CFLAGS = (
					"-Wmost",
					"-Wno-four-char-constants",
					"-Wno-unknown-pragmas",
				);
			};
			name = Development;
		};
		ED5C30E1085E8A9700B25663 /* Deployment */ = {
			isa = XCBuildConfiguration;
			buildSettings = {
				COPY_PHASE_STRIP = YES;
				GCC_GENERATE_DEBUGGING_SYMBOLS = NO;
				GCC_MODEL_TUNING = G5;
				INSTALL_PATH = "$(HOME)/bin";
				LIBRARY_SEARCH_PATHS = (
					"$(LIBRARY_SEARCH_PATHS_QUOTED_1)",
					"$(LIBRARY_SEARCH_PATHS_QUOTED_2)",
					"$(BOOST_PATH)/stage/lib",
				);
				OPTIMIZATION_CFLAGS = "-O0";
				OTHER_CFLAGS = "";
				OTHER_REZFLAGS = "";
				PRODUCT_NAME = test_all;
				SECTORDER_FLAGS = "";
				WARNING_CFLAGS = (
					"-Wmost",
					"-Wno-four-char-constants",
					"-Wno-unknown-pragmas",
				);
			};
			name = Deployment;
		};
/* End XCBuildConfiguration section */

/* Begin XCConfigurationList section */
		ED5C306E085E898C00B25663 /* Build configuration list for PBXNativeTarget "vvm" */ = {
			isa = XCConfigurationList;
			buildConfigurations = (
				ED5C306F085E898C00B25663 /* Development */,
				ED5C3070085E898C00B25663 /* Deployment */,
			);
			defaultConfigurationIsVisible = 0;
			defaultConfigurationName = Development;
		};
		ED5C3073085E898C00B25663 /* Build configuration list for PBXNativeTarget "load" */ = {
			isa = XCConfigurationList;
			buildConfigurations = (
				ED5C3074085E898C00B25663 /* Development */,
				ED5C3075085E898C00B25663 /* Deployment */,
			);
			defaultConfigurationIsVisible = 0;
			defaultConfigurationName = Development;
		};
		ED5C3078085E898C00B25663 /* Build configuration list for PBXNativeTarget "timing" */ = {
			isa = XCConfigurationList;
			buildConfigurations = (
				ED5C3079085E898C00B25663 /* Development */,
				ED5C307A085E898C00B25663 /* Deployment */,
			);
			defaultConfigurationIsVisible = 0;
			defaultConfigurationName = Development;
		};
		ED5C3080085E898D00B25663 /* Build configuration list for PBXProject "vvm" */ = {
			isa = XCConfigurationList;
			buildConfigurations = (
				ED5C3081085E898D00B25663 /* Development */,
				ED5C3082085E898D00B25663 /* Deployment */,
			);
			defaultConfigurationIsVisible = 0;
			defaultConfigurationName = Development;
		};
		ED5C30DF085E8A9700B25663 /* Build configuration list for PBXNativeTarget "test_all" */ = {
			isa = XCConfigurationList;
			buildConfigurations = (
				ED5C30E0085E8A9700B25663 /* Development */,
				ED5C30E1085E8A9700B25663 /* Deployment */,
			);
			defaultConfigurationIsVisible = 0;
			defaultConfigurationName = Development;
		};
/* End XCConfigurationList section */
	};
	rootObject = ED21DD0206A7697400DBB519 /* Project object */;
}
