// !$*UTF8*$!
{
	archiveVersion = 1;
	classes = {
	};
	objectVersion = 42;
	objects = {

/* Begin PBXBuildFile section */
		02237EDB06534EE4005869EF /* libboost_thread.dylib in Frameworks */ = {isa = PBXBuildFile; fileRef = 02237EDA06534EE4005869EF /* libboost_thread.dylib */; };
		02237EDC06534EE4005869EF /* libboost_thread.dylib in Frameworks */ = {isa = PBXBuildFile; fileRef = 02237EDA06534EE4005869EF /* libboost_thread.dylib */; };
		02237EDD06534EE4005869EF /* libboost_thread.dylib in Frameworks */ = {isa = PBXBuildFile; fileRef = 02237EDA06534EE4005869EF /* libboost_thread.dylib */; };
		02237EDE06534EE4005869EF /* libboost_thread.dylib in Frameworks */ = {isa = PBXBuildFile; fileRef = 02237EDA06534EE4005869EF /* libboost_thread.dylib */; };
		02B866DE0623D4FD00FF12DB /* QuickTime.framework in Frameworks */ = {isa = PBXBuildFile; fileRef = EDC167F70499DA090082428A /* QuickTime.framework */; };
		02B866E10623D50900FF12DB /* vecLib.framework in Frameworks */ = {isa = PBXBuildFile; fileRef = ED5BCF6C041C794E0082428A /* vecLib.framework */; };
		02B866E40623D50F00FF12DB /* Carbon.framework in Frameworks */ = {isa = PBXBuildFile; fileRef = EDC167FC0499DA2D0082428A /* Carbon.framework */; };
		02B866E50623D5EE00FF12DB /* QuickTime.framework in Frameworks */ = {isa = PBXBuildFile; fileRef = EDC167F70499DA090082428A /* QuickTime.framework */; };
		02B866E90623D5FA00FF12DB /* vecLib.framework in Frameworks */ = {isa = PBXBuildFile; fileRef = ED5BCF6C041C794E0082428A /* vecLib.framework */; };
		02B866EB0623D5FC00FF12DB /* Carbon.framework in Frameworks */ = {isa = PBXBuildFile; fileRef = EDC167FC0499DA2D0082428A /* Carbon.framework */; };
		02B8682F0623EDB500FF12DB /* grab_continuously.cpp in Sources */ = {isa = PBXBuildFile; fileRef = 02B8672F0623EB3C00FF12DB /* grab_continuously.cpp */; };
		02B868340623EDBA00FF12DB /* Carbon.framework in Frameworks */ = {isa = PBXBuildFile; fileRef = EDC167FC0499DA2D0082428A /* Carbon.framework */; };
		02B868350623EDBB00FF12DB /* QuickTime.framework in Frameworks */ = {isa = PBXBuildFile; fileRef = EDC167F70499DA090082428A /* QuickTime.framework */; };
		02B868360623EDBB00FF12DB /* vecLib.framework in Frameworks */ = {isa = PBXBuildFile; fileRef = ED5BCF6C041C794E0082428A /* vecLib.framework */; };
		ED09B2B10606FEF5001A1D74 /* grab_to_file.cpp in Sources */ = {isa = PBXBuildFile; fileRef = ED121B05050720620082428A /* grab_to_file.cpp */; };
		ED09B2B40606FEF5001A1D74 /* vecLib.framework in Frameworks */ = {isa = PBXBuildFile; fileRef = ED5BCF6C041C794E0082428A /* vecLib.framework */; };
		ED09B2B70606FEF5001A1D74 /* QuickTime.framework in Frameworks */ = {isa = PBXBuildFile; fileRef = EDC167F70499DA090082428A /* QuickTime.framework */; };
		ED09B2B80606FEF5001A1D74 /* Carbon.framework in Frameworks */ = {isa = PBXBuildFile; fileRef = EDC167FC0499DA2D0082428A /* Carbon.framework */; };
		ED45A6FD06202520009CC24A /* sub_images.cpp in Sources */ = {isa = PBXBuildFile; fileRef = ED45A2F20620218C009CC24A /* sub_images.cpp */; };
		ED9C6F5B062185FA00B659D7 /* grab_and_invert.cpp in Sources */ = {isa = PBXBuildFile; fileRef = ED9C6F58062185FA00B659D7 /* grab_and_invert.cpp */; };
/* End PBXBuildFile section */

/* Begin PBXBuildRule section */
		02B8670A0623E6F000FF12DB /* PBXBuildRule */ = {
			isa = PBXBuildRule;
			compilerSpec = com.apple.compilers.gcc.3_1;
			fileType = sourcecode.c;
			isEditable = 1;
			outputFiles = (
			);
		};
		02B8670B0623E6FA00FF12DB /* PBXBuildRule */ = {
			isa = PBXBuildRule;
			compilerSpec = com.apple.compilers.gcc.3_1;
			fileType = sourcecode.c;
			isEditable = 1;
			outputFiles = (
			);
		};
		02F5AD5E0623CD71008DDCBF /* PBXBuildRule */ = {
			isa = PBXBuildRule;
			compilerSpec = com.apple.compilers.gcc.3_1;
			fileType = sourcecode.c;
			isEditable = 1;
			outputFiles = (
			);
		};
/* End PBXBuildRule section */

/* Begin PBXContainerItemProxy section */
		02B8667E0623D29900FF12DB /* PBXContainerItemProxy */ = {
			isa = PBXContainerItemProxy;
			containerPortal = ED45A66206202215009CC24A /* ct.pbproj */;
			proxyType = 2;
			remoteGlobalIDString = EDEAF6F0051445B10082428A;
			remoteInfo = typelist;
		};
		02B8667F0623D29900FF12DB /* PBXContainerItemProxy */ = {
			isa = PBXContainerItemProxy;
			containerPortal = ED45A66206202215009CC24A /* ct.pbproj */;
			proxyType = 2;
			remoteGlobalIDString = ED8C8B030516041600B617C2;
			remoteInfo = tuple;
		};
		ED85DFA80BECF53F0018EFC8 /* PBXContainerItemProxy */ = {
			isa = PBXContainerItemProxy;
			containerPortal = ED45A60A062021DF009CC24A /* vvis.xcodeproj */;
			proxyType = 2;
			remoteGlobalIDString = ED43886005BA2DCD00E1183F /* vvis.framework */;
			remoteInfo = vvis;
		};
		ED85DFAA0BECF53F0018EFC8 /* PBXContainerItemProxy */ = {
			isa = PBXContainerItemProxy;
			containerPortal = ED45A60A062021DF009CC24A /* vvis.xcodeproj */;
			proxyType = 2;
			remoteGlobalIDString = ED43886F05BA2DCD00E1183F /* scratch */;
			remoteInfo = scratch;
		};
		ED85DFAC0BECF53F0018EFC8 /* PBXContainerItemProxy */ = {
			isa = PBXContainerItemProxy;
			containerPortal = ED45A60A062021DF009CC24A /* vvis.xcodeproj */;
			proxyType = 2;
			remoteGlobalIDString = EDB2E2440A4918910028DB0A /* scratch */;
			remoteInfo = hough;
		};
		ED85DFAE0BECF53F0018EFC8 /* PBXContainerItemProxy */ = {
			isa = PBXContainerItemProxy;
			containerPortal = ED45A60A062021DF009CC24A /* vvis.xcodeproj */;
			proxyType = 2;
			remoteGlobalIDString = ED43888005BA2DCD00E1183F /* algorithm */;
			remoteInfo = algorithm;
		};
		ED85DFB00BECF53F0018EFC8 /* PBXContainerItemProxy */ = {
			isa = PBXContainerItemProxy;
			containerPortal = ED45A60A062021DF009CC24A /* vvis.xcodeproj */;
			proxyType = 2;
			remoteGlobalIDString = ED43889005BA2DCD00E1183F /* impex */;
			remoteInfo = impex;
		};
		ED85DFB20BECF53F0018EFC8 /* PBXContainerItemProxy */ = {
			isa = PBXContainerItemProxy;
			containerPortal = ED45A60A062021DF009CC24A /* vvis.xcodeproj */;
			proxyType = 2;
			remoteGlobalIDString = ED43889D05BA2DCD00E1183F /* sgimporter */;
			remoteInfo = sgimporter;
		};
		ED85DFB40BECF53F0018EFC8 /* PBXContainerItemProxy */ = {
			isa = PBXContainerItemProxy;
			containerPortal = ED45A60A062021DF009CC24A /* vvis.xcodeproj */;
			proxyType = 2;
			remoteGlobalIDString = ED4388AB05BA2DCD00E1183F /* region */;
			remoteInfo = region;
		};
		ED85DFB60BECF53F0018EFC8 /* PBXContainerItemProxy */ = {
			isa = PBXContainerItemProxy;
			containerPortal = ED45A60A062021DF009CC24A /* vvis.xcodeproj */;
			proxyType = 2;
			remoteGlobalIDString = ED4388B905BA2DCD00E1183F /* image */;
			remoteInfo = image;
		};
		ED85DFB80BECF53F0018EFC8 /* PBXContainerItemProxy */ = {
			isa = PBXContainerItemProxy;
			containerPortal = ED45A60A062021DF009CC24A /* vvis.xcodeproj */;
			proxyType = 2;
			remoteGlobalIDString = 026E3C11061E638400E23D50 /* test_all */;
			remoteInfo = test_all;
		};
		ED85DFBA0BECF53F0018EFC8 /* PBXContainerItemProxy */ = {
			isa = PBXContainerItemProxy;
			containerPortal = ED45A60A062021DF009CC24A /* vvis.xcodeproj */;
			proxyType = 2;
			remoteGlobalIDString = ED849B0C0788E3C600FE2163 /* cocoa.app */;
			remoteInfo = cocoa;
		};
		ED85DFBC0BECF53F0018EFC8 /* PBXContainerItemProxy */ = {
			isa = PBXContainerItemProxy;
			containerPortal = ED45A60A062021DF009CC24A /* vvis.xcodeproj */;
			proxyType = 2;
			remoteGlobalIDString = ED4DD7000AF5A53B0045A84C /* scratch */;
			remoteInfo = scratch2;
		};
		ED85DFD30BECF54C0018EFC8 /* PBXContainerItemProxy */ = {
			isa = PBXContainerItemProxy;
			containerPortal = ED45A66C06202230009CC24A /* vvm.xcodeproj */;
			proxyType = 2;
			remoteGlobalIDString = EDF758600A3DBEF60070DFBD /* scratch */;
			remoteInfo = scratch;
		};
		ED85DFD50BECF54C0018EFC8 /* PBXContainerItemProxy */ = {
			isa = PBXContainerItemProxy;
			containerPortal = ED45A66C06202230009CC24A /* vvm.xcodeproj */;
			proxyType = 2;
			remoteGlobalIDString = ED86097009F002CF005C0D42 /* scalar_test */;
			remoteInfo = scalar_test;
		};
		ED85DFD70BECF54C0018EFC8 /* PBXContainerItemProxy */ = {
			isa = PBXContainerItemProxy;
			containerPortal = ED45A66C06202230009CC24A /* vvm.xcodeproj */;
			proxyType = 2;
			remoteGlobalIDString = EDDEB9E60BD7AC49006B5B08 /* scalar_4_test */;
			remoteInfo = scalar_4_test;
		};
		ED85DFD90BECF54C0018EFC8 /* PBXContainerItemProxy */ = {
			isa = PBXContainerItemProxy;
			containerPortal = ED45A66C06202230009CC24A /* vvm.xcodeproj */;
			proxyType = 2;
			remoteGlobalIDString = ED6A640E0BD7A1AB00316DE2 /* scalar_16_test */;
			remoteInfo = scalar_16_test;
		};
		ED85DFDB0BECF54C0018EFC8 /* PBXContainerItemProxy */ = {
			isa = PBXContainerItemProxy;
			containerPortal = ED45A66C06202230009CC24A /* vvm.xcodeproj */;
			proxyType = 2;
			remoteGlobalIDString = EDF758560A3DBEC90070DFBD /* altivec_test */;
			remoteInfo = altivec_test;
		};
		ED85DFDD0BECF54C0018EFC8 /* PBXContainerItemProxy */ = {
			isa = PBXContainerItemProxy;
			containerPortal = ED45A66C06202230009CC24A /* vvm.xcodeproj */;
			proxyType = 2;
			remoteGlobalIDString = EDC0A1D30A0A2F2D00151FEC /* configure */;
			remoteInfo = configure;
		};
		ED85DFDF0BECF54C0018EFC8 /* PBXContainerItemProxy */ = {
			isa = PBXContainerItemProxy;
			containerPortal = ED45A66C06202230009CC24A /* vvm.xcodeproj */;
			proxyType = 2;
			remoteGlobalIDString = ED307B4F0A08F28F005338AB /* vvm.framework */;
			remoteInfo = vvm;
		};
		ED85DFE10BECF54C0018EFC8 /* PBXContainerItemProxy */ = {
			isa = PBXContainerItemProxy;
			containerPortal = ED45A66C06202230009CC24A /* vvm.xcodeproj */;
			proxyType = 2;
			remoteGlobalIDString = ED1CC3590B08C198008CCF9F /* shortgen */;
			remoteInfo = shortgen;
		};
		ED85DFE30BECF54C0018EFC8 /* PBXContainerItemProxy */ = {
			isa = PBXContainerItemProxy;
			containerPortal = ED45A66C06202230009CC24A /* vvm.xcodeproj */;
			proxyType = 2;
			remoteGlobalIDString = EDBEFB240B0F0FEE00C51C96 /* arithmetic_novp */;
			remoteInfo = arithmetic_novp;
		};
		ED85DFF20BECF55D0018EFC8 /* PBXContainerItemProxy */ = {
			isa = PBXContainerItemProxy;
			containerPortal = ED45A65B062021FF009CC24A /* common.xcodeproj */;
			proxyType = 2;
			remoteGlobalIDString = ED59F86F05120331007CD1A9 /* common.framework */;
			remoteInfo = common;
		};
		ED85DFF40BECF55D0018EFC8 /* PBXContainerItemProxy */ = {
			isa = PBXContainerItemProxy;
			containerPortal = ED45A65B062021FF009CC24A /* common.xcodeproj */;
			proxyType = 2;
			remoteGlobalIDString = ED2549B50ADA14E3009EE67B /* libbclai_common.a */;
			remoteInfo = bclai_common;
		};
/* End PBXContainerItemProxy section */

/* Begin PBXFileReference section */
		02237EDA06534EE4005869EF /* libboost_thread.dylib */ = {isa = PBXFileReference; lastKnownFileType = "compiled.mach-o.dylib"; name = libboost_thread.dylib; path = /Users/bclai/thesis/library/prebuilt/macosx.ppc/release/libboost_thread.dylib; sourceTree = "<absolute>"; };
		02B8672F0623EB3C00FF12DB /* grab_continuously.cpp */ = {isa = PBXFileReference; fileEncoding = 30; lastKnownFileType = sourcecode.cpp.cpp; path = grab_continuously.cpp; sourceTree = "<group>"; };
		02B868270623EB5B00FF12DB /*  */ = {isa = PBXFileReference; explicitFileType = "compiled.mach-o.executable"; includeInIndex = 0; name = ""; sourceTree = BUILT_PRODUCTS_DIR; };
		ED09B2BC0606FEF5001A1D74 /* grab_to_file */ = {isa = PBXFileReference; includeInIndex = 0; lastKnownFileType = "compiled.mach-o.executable"; path = grab_to_file; sourceTree = BUILT_PRODUCTS_DIR; };
		ED121B05050720620082428A /* grab_to_file.cpp */ = {isa = PBXFileReference; fileEncoding = 4; lastKnownFileType = sourcecode.cpp.cpp; path = grab_to_file.cpp; sourceTree = "<group>"; };
		ED45A2F20620218C009CC24A /* sub_images.cpp */ = {isa = PBXFileReference; fileEncoding = 4; lastKnownFileType = sourcecode.cpp.cpp; path = sub_images.cpp; sourceTree = "<group>"; };
		ED45A31C062021A6009CC24A /*  */ = {isa = PBXFileReference; explicitFileType = "compiled.mach-o.executable"; includeInIndex = 0; name = ""; sourceTree = BUILT_PRODUCTS_DIR; };
		ED45A60A062021DF009CC24A /* vvis.xcodeproj */ = {isa = PBXFileReference; lastKnownFileType = "wrapper.pb-project"; name = vvis.xcodeproj; path = ../vvis.xcodeproj; sourceTree = SOURCE_ROOT; };
		ED45A65B062021FF009CC24A /* common.xcodeproj */ = {isa = PBXFileReference; lastKnownFileType = "wrapper.pb-project"; name = common.xcodeproj; path = ../../common/common.xcodeproj; sourceTree = SOURCE_ROOT; };
		ED45A66206202215009CC24A /* ct.pbproj */ = {isa = PBXFileReference; lastKnownFileType = "wrapper.pb-project"; name = ct.pbproj; path = ../../ct/ct.pbproj; sourceTree = SOURCE_ROOT; };
		ED45A66C06202230009CC24A /* vvm.xcodeproj */ = {isa = PBXFileReference; lastKnownFileType = "wrapper.pb-project"; name = vvm.xcodeproj; path = ../../vvm3/vvm.xcodeproj; sourceTree = SOURCE_ROOT; };
		ED5BCF6C041C794E0082428A /* vecLib.framework */ = {isa = PBXFileReference; lastKnownFileType = wrapper.framework; name = vecLib.framework; path = /System/Library/Frameworks/vecLib.framework; sourceTree = "<absolute>"; };
		ED9C6F460621855E00B659D7 /*  */ = {isa = PBXFileReference; explicitFileType = "compiled.mach-o.executable"; includeInIndex = 0; name = ""; sourceTree = BUILT_PRODUCTS_DIR; };
		ED9C6F58062185FA00B659D7 /* grab_and_invert.cpp */ = {isa = PBXFileReference; fileEncoding = 30; lastKnownFileType = sourcecode.cpp.cpp; path = grab_and_invert.cpp; sourceTree = "<group>"; };
		EDC167F70499DA090082428A /* QuickTime.framework */ = {isa = PBXFileReference; lastKnownFileType = wrapper.framework; name = QuickTime.framework; path = /System/Library/Frameworks/QuickTime.framework; sourceTree = "<absolute>"; };
		EDC167FC0499DA2D0082428A /* Carbon.framework */ = {isa = PBXFileReference; lastKnownFileType = wrapper.framework; name = Carbon.framework; path = /System/Library/Frameworks/Carbon.framework; sourceTree = "<absolute>"; };
/* End PBXFileReference section */

/* Begin PBXFrameworksBuildPhase section */
		02B868250623EB5B00FF12DB /* Frameworks */ = {
			isa = PBXFrameworksBuildPhase;
			buildActionMask = 2147483647;
			files = (
				02B868340623EDBA00FF12DB /* Carbon.framework in Frameworks */,
				02B868350623EDBB00FF12DB /* QuickTime.framework in Frameworks */,
				02B868360623EDBB00FF12DB /* vecLib.framework in Frameworks */,
				02237EDB06534EE4005869EF /* libboost_thread.dylib in Frameworks */,
			);
			runOnlyForDeploymentPostprocessing = 0;
		};
		ED09B2B20606FEF5001A1D74 /* Frameworks */ = {
			isa = PBXFrameworksBuildPhase;
			buildActionMask = 2147483647;
			files = (
				ED09B2B40606FEF5001A1D74 /* vecLib.framework in Frameworks */,
				ED09B2B70606FEF5001A1D74 /* QuickTime.framework in Frameworks */,
				ED09B2B80606FEF5001A1D74 /* Carbon.framework in Frameworks */,
				02237EDE06534EE4005869EF /* libboost_thread.dylib in Frameworks */,
			);
			runOnlyForDeploymentPostprocessing = 0;
		};
		ED45A31A062021A6009CC24A /* Frameworks */ = {
			isa = PBXFrameworksBuildPhase;
			buildActionMask = 2147483647;
			files = (
				02B866DE0623D4FD00FF12DB /* QuickTime.framework in Frameworks */,
				02B866E10623D50900FF12DB /* vecLib.framework in Frameworks */,
				02B866E40623D50F00FF12DB /* Carbon.framework in Frameworks */,
				02237EDD06534EE4005869EF /* libboost_thread.dylib in Frameworks */,
			);
			runOnlyForDeploymentPostprocessing = 0;
		};
		ED9C6F440621855E00B659D7 /* Frameworks */ = {
			isa = PBXFrameworksBuildPhase;
			buildActionMask = 2147483647;
			files = (
				02B866E50623D5EE00FF12DB /* QuickTime.framework in Frameworks */,
				02B866E90623D5FA00FF12DB /* vecLib.framework in Frameworks */,
				02B866EB0623D5FC00FF12DB /* Carbon.framework in Frameworks */,
				02237EDC06534EE4005869EF /* libboost_thread.dylib in Frameworks */,
			);
			runOnlyForDeploymentPostprocessing = 0;
		};
/* End PBXFrameworksBuildPhase section */

/* Begin PBXGroup section */
		02B8666D0623D29100FF12DB /* Products */ = {
			isa = PBXGroup;
			children = (
				02B866700623D29100FF12DB /*  */,
				02B866710623D29100FF12DB /* tuple */,
			);
			name = Products;
			sourceTree = "<group>";
		};
		ED45A325062021B1009CC24A /* Sources */ = {
			isa = PBXGroup;
			children = (
				ED45A2F20620218C009CC24A /* sub_images.cpp */,
				ED121B05050720620082428A /* grab_to_file.cpp */,
				ED9C6F58062185FA00B659D7 /* grab_and_invert.cpp */,
				02B8672F0623EB3C00FF12DB /* grab_continuously.cpp */,
			);
			name = Sources;
			sourceTree = "<group>";
		};
		ED45A32F062021BA009CC24A /* Frameworks */ = {
			isa = PBXGroup;
			children = (
				02237EDA06534EE4005869EF /* libboost_thread.dylib */,
				ED45A66C06202230009CC24A /* vvm.xcodeproj */,
				ED45A66206202215009CC24A /* ct.pbproj */,
				ED45A65B062021FF009CC24A /* common.xcodeproj */,
				ED45A60A062021DF009CC24A /* vvis.xcodeproj */,
				ED5BCF6C041C794E0082428A /* vecLib.framework */,
				EDC167F70499DA090082428A /* QuickTime.framework */,
				EDC167FC0499DA2D0082428A /* Carbon.framework */,
			);
			name = Frameworks;
			sourceTree = "<group>";
		};
		ED5BCF64041C78EE0082428A = {
			isa = PBXGroup;
			children = (
				ED45A325062021B1009CC24A /* Sources */,
				ED5BCF77041C79830082428A /* Products */,
				ED45A32F062021BA009CC24A /* Frameworks */,
			);
			sourceTree = "<group>";
		};
		ED5BCF77041C79830082428A /* Products */ = {
			isa = PBXGroup;
			children = (
				ED09B2BC0606FEF5001A1D74 /* grab_to_file */,
				ED45A31C062021A6009CC24A /*  */,
				ED9C6F460621855E00B659D7 /*  */,
				02B868270623EB5B00FF12DB /*  */,
			);
			name = Products;
			sourceTree = "<group>";
		};
		ED85DF9B0BECF53F0018EFC8 /* Products */ = {
			isa = PBXGroup;
			children = (
				ED85DFA90BECF53F0018EFC8 /* vvis.framework */,
				ED85DFAB0BECF53F0018EFC8 /* scratch */,
				ED85DFAD0BECF53F0018EFC8 /* scratch */,
				ED85DFAF0BECF53F0018EFC8 /* algorithm */,
				ED85DFB10BECF53F0018EFC8 /* impex */,
				ED85DFB30BECF53F0018EFC8 /* sgimporter */,
				ED85DFB50BECF53F0018EFC8 /* region */,
				ED85DFB70BECF53F0018EFC8 /* image */,
				ED85DFB90BECF53F0018EFC8 /* test_all */,
				ED85DFBB0BECF53F0018EFC8 /* cocoa.app */,
				ED85DFBD0BECF53F0018EFC8 /* scratch */,
			);
			name = Products;
			sourceTree = "<group>";
		};
		ED85DFC70BECF54C0018EFC8 /* Products */ = {
			isa = PBXGroup;
			children = (
				ED85DFD40BECF54C0018EFC8 /* scratch */,
				ED85DFD60BECF54C0018EFC8 /* scalar_test */,
				ED85DFD80BECF54C0018EFC8 /* scalar_4_test */,
				ED85DFDA0BECF54C0018EFC8 /* scalar_16_test */,
				ED85DFDC0BECF54C0018EFC8 /* altivec_test */,
				ED85DFDE0BECF54C0018EFC8 /* configure */,
				ED85DFE00BECF54C0018EFC8 /* vvm.framework */,
				ED85DFE20BECF54C0018EFC8 /* shortgen */,
				ED85DFE40BECF54C0018EFC8 /* arithmetic_novp */,
			);
			name = Products;
			sourceTree = "<group>";
		};
		ED85DFEE0BECF55D0018EFC8 /* Products */ = {
			isa = PBXGroup;
			children = (
				ED85DFF30BECF55D0018EFC8 /* common.framework */,
				ED85DFF50BECF55D0018EFC8 /* libbclai_common.a */,
			);
			name = Products;
			sourceTree = "<group>";
		};
/* End PBXGroup section */

/* Begin PBXHeadersBuildPhase section */
		02B868220623EB5B00FF12DB /* Headers */ = {
			isa = PBXHeadersBuildPhase;
			buildActionMask = 2147483647;
			files = (
			);
			runOnlyForDeploymentPostprocessing = 0;
		};
		ED09B2AF0606FEF5001A1D74 /* Headers */ = {
			isa = PBXHeadersBuildPhase;
			buildActionMask = 2147483647;
			files = (
			);
			runOnlyForDeploymentPostprocessing = 0;
		};
		ED45A317062021A6009CC24A /* Headers */ = {
			isa = PBXHeadersBuildPhase;
			buildActionMask = 2147483647;
			files = (
			);
			runOnlyForDeploymentPostprocessing = 0;
		};
		ED9C6F410621855E00B659D7 /* Headers */ = {
			isa = PBXHeadersBuildPhase;
			buildActionMask = 2147483647;
			files = (
			);
			runOnlyForDeploymentPostprocessing = 0;
		};
/* End PBXHeadersBuildPhase section */

/* Begin PBXNativeTarget section */
		02B868260623EB5B00FF12DB /* grab_continuously */ = {
			isa = PBXNativeTarget;
			buildConfigurationList = ED85DF8D0BECF52B0018EFC8 /* Build configuration list for PBXNativeTarget "grab_continuously" */;
			buildPhases = (
				02B868220623EB5B00FF12DB /* Headers */,
				02B868230623EB5B00FF12DB /* Sources */,
				02B868240623EB5B00FF12DB /* Rez */,
				02B868250623EB5B00FF12DB /* Frameworks */,
			);
			buildRules = (
			);
			dependencies = (
			);
			name = grab_continuously;
			productName = grab_continuously;
			productReference = 02B868270623EB5B00FF12DB /*  */;
			productType = "com.apple.product-type.tool";
		};
		ED09B2AE0606FEF5001A1D74 /* grab_to_file */ = {
			isa = PBXNativeTarget;
			buildConfigurationList = ED85DF7B0BECF52B0018EFC8 /* Build configuration list for PBXNativeTarget "grab_to_file" */;
			buildPhases = (
				ED09B2AF0606FEF5001A1D74 /* Headers */,
				ED09B2B00606FEF5001A1D74 /* Sources */,
				ED09B2B20606FEF5001A1D74 /* Frameworks */,
				ED09B2BA0606FEF5001A1D74 /* Rez */,
			);
			buildRules = (
				02B8670B0623E6FA00FF12DB /* PBXBuildRule */,
			);
			dependencies = (
			);
			name = grab_to_file;
			productInstallPath = /usr/local/bin;
			productName = grab_to_file;
			productReference = ED09B2BC0606FEF5001A1D74 /* grab_to_file */;
			productType = "com.apple.product-type.tool";
		};
		ED45A31B062021A6009CC24A /* sub_images */ = {
			isa = PBXNativeTarget;
			buildConfigurationList = ED85DF810BECF52B0018EFC8 /* Build configuration list for PBXNativeTarget "sub_images" */;
			buildPhases = (
				ED45A317062021A6009CC24A /* Headers */,
				ED45A318062021A6009CC24A /* Sources */,
				ED45A319062021A6009CC24A /* Rez */,
				ED45A31A062021A6009CC24A /* Frameworks */,
			);
			buildRules = (
				02F5AD5E0623CD71008DDCBF /* PBXBuildRule */,
			);
			dependencies = (
			);
			name = sub_images;
			productName = add_images;
			productReference = ED45A31C062021A6009CC24A /*  */;
			productType = "com.apple.product-type.tool";
		};
		ED9C6F450621855E00B659D7 /* grab_and_invert */ = {
			isa = PBXNativeTarget;
			buildConfigurationList = ED85DF870BECF52B0018EFC8 /* Build configuration list for PBXNativeTarget "grab_and_invert" */;
			buildPhases = (
				ED9C6F410621855E00B659D7 /* Headers */,
				ED9C6F420621855E00B659D7 /* Sources */,
				ED9C6F430621855E00B659D7 /* Rez */,
				ED9C6F440621855E00B659D7 /* Frameworks */,
			);
			buildRules = (
				02B8670A0623E6F000FF12DB /* PBXBuildRule */,
			);
			dependencies = (
			);
			name = grab_and_invert;
			productName = grab_and_invert;
			productReference = ED9C6F460621855E00B659D7 /*  */;
			productType = "com.apple.product-type.tool";
		};
/* End PBXNativeTarget section */

/* Begin PBXProject section */
		ED5BCF68041C78EE0082428A /* Project object */ = {
			isa = PBXProject;
			buildConfigurationList = ED85DF930BECF52B0018EFC8 /* Build configuration list for PBXProject "examples" */;
			hasScannedForEncodings = 1;
			mainGroup = ED5BCF64041C78EE0082428A;
			productRefGroup = ED5BCF77041C79830082428A /* Products */;
			projectDirPath = "";
			projectReferences = (
				{
					ProductGroup = ED85DFEE0BECF55D0018EFC8 /* Products */;
					ProjectRef = ED45A65B062021FF009CC24A /* common.xcodeproj */;
				},
				{
					ProductGroup = 02B8666D0623D29100FF12DB /* Products */;
					ProjectRef = ED45A66206202215009CC24A /* ct.pbproj */;
				},
				{
					ProductGroup = ED85DF9B0BECF53F0018EFC8 /* Products */;
					ProjectRef = ED45A60A062021DF009CC24A /* vvis.xcodeproj */;
				},
				{
					ProductGroup = ED85DFC70BECF54C0018EFC8 /* Products */;
					ProjectRef = ED45A66C06202230009CC24A /* vvm.xcodeproj */;
				},
			);
			targets = (
				ED09B2AE0606FEF5001A1D74 /* grab_to_file */,
				ED45A31B062021A6009CC24A /* sub_images */,
				ED9C6F450621855E00B659D7 /* grab_and_invert */,
				02B868260623EB5B00FF12DB /* grab_continuously */,
			);
		};
/* End PBXProject section */

/* Begin PBXReferenceProxy section */
		02B866700623D29100FF12DB /*  */ = {
			isa = PBXReferenceProxy;
			fileType = "compiled.mach-o.executable";
			name = "";
			remoteRef = 02B8667E0623D29900FF12DB /* PBXContainerItemProxy */;
			sourceTree = BUILT_PRODUCTS_DIR;
		};
		02B866710623D29100FF12DB /* tuple */ = {
			isa = PBXReferenceProxy;
			fileType = "compiled.mach-o.executable";
			path = tuple;
			remoteRef = 02B8667F0623D29900FF12DB /* PBXContainerItemProxy */;
			sourceTree = BUILT_PRODUCTS_DIR;
		};
		ED85DFA90BECF53F0018EFC8 /* vvis.framework */ = {
			isa = PBXReferenceProxy;
			fileType = wrapper.framework;
			path = vvis.framework;
			remoteRef = ED85DFA80BECF53F0018EFC8 /* PBXContainerItemProxy */;
			sourceTree = BUILT_PRODUCTS_DIR;
		};
		ED85DFAB0BECF53F0018EFC8 /* scratch */ = {
			isa = PBXReferenceProxy;
			fileType = "compiled.mach-o.executable";
			path = scratch;
			remoteRef = ED85DFAA0BECF53F0018EFC8 /* PBXContainerItemProxy */;
			sourceTree = BUILT_PRODUCTS_DIR;
		};
		ED85DFAD0BECF53F0018EFC8 /* scratch */ = {
			isa = PBXReferenceProxy;
			fileType = "compiled.mach-o.executable";
			path = scratch;
			remoteRef = ED85DFAC0BECF53F0018EFC8 /* PBXContainerItemProxy */;
			sourceTree = BUILT_PRODUCTS_DIR;
		};
		ED85DFAF0BECF53F0018EFC8 /* algorithm */ = {
			isa = PBXReferenceProxy;
			fileType = "compiled.mach-o.executable";
			path = algorithm;
			remoteRef = ED85DFAE0BECF53F0018EFC8 /* PBXContainerItemProxy */;
			sourceTree = BUILT_PRODUCTS_DIR;
		};
		ED85DFB10BECF53F0018EFC8 /* impex */ = {
			isa = PBXReferenceProxy;
			fileType = "compiled.mach-o.executable";
			path = impex;
			remoteRef = ED85DFB00BECF53F0018EFC8 /* PBXContainerItemProxy */;
			sourceTree = BUILT_PRODUCTS_DIR;
		};
		ED85DFB30BECF53F0018EFC8 /* sgimporter */ = {
			isa = PBXReferenceProxy;
			fileType = "compiled.mach-o.executable";
			path = sgimporter;
			remoteRef = ED85DFB20BECF53F0018EFC8 /* PBXContainerItemProxy */;
			sourceTree = BUILT_PRODUCTS_DIR;
		};
		ED85DFB50BECF53F0018EFC8 /* region */ = {
			isa = PBXReferenceProxy;
			fileType = "compiled.mach-o.executable";
			path = region;
			remoteRef = ED85DFB40BECF53F0018EFC8 /* PBXContainerItemProxy */;
			sourceTree = BUILT_PRODUCTS_DIR;
		};
		ED85DFB70BECF53F0018EFC8 /* image */ = {
			isa = PBXReferenceProxy;
			fileType = "compiled.mach-o.executable";
			path = image;
			remoteRef = ED85DFB60BECF53F0018EFC8 /* PBXContainerItemProxy */;
			sourceTree = BUILT_PRODUCTS_DIR;
		};
		ED85DFB90BECF53F0018EFC8 /* test_all */ = {
			isa = PBXReferenceProxy;
			fileType = "compiled.mach-o.executable";
			path = test_all;
			remoteRef = ED85DFB80BECF53F0018EFC8 /* PBXContainerItemProxy */;
			sourceTree = BUILT_PRODUCTS_DIR;
		};
		ED85DFBB0BECF53F0018EFC8 /* cocoa.app */ = {
			isa = PBXReferenceProxy;
			fileType = wrapper.application;
			path = cocoa.app;
			remoteRef = ED85DFBA0BECF53F0018EFC8 /* PBXContainerItemProxy */;
			sourceTree = BUILT_PRODUCTS_DIR;
		};
		ED85DFBD0BECF53F0018EFC8 /* scratch */ = {
			isa = PBXReferenceProxy;
			fileType = "compiled.mach-o.executable";
			path = scratch;
			remoteRef = ED85DFBC0BECF53F0018EFC8 /* PBXContainerItemProxy */;
			sourceTree = BUILT_PRODUCTS_DIR;
		};
		ED85DFD40BECF54C0018EFC8 /* scratch */ = {
			isa = PBXReferenceProxy;
			fileType = "compiled.mach-o.executable";
			path = scratch;
			remoteRef = ED85DFD30BECF54C0018EFC8 /* PBXContainerItemProxy */;
			sourceTree = BUILT_PRODUCTS_DIR;
		};
		ED85DFD60BECF54C0018EFC8 /* scalar_test */ = {
			isa = PBXReferenceProxy;
			fileType = "compiled.mach-o.executable";
			path = scalar_test;
			remoteRef = ED85DFD50BECF54C0018EFC8 /* PBXContainerItemProxy */;
			sourceTree = BUILT_PRODUCTS_DIR;
		};
		ED85DFD80BECF54C0018EFC8 /* scalar_4_test */ = {
			isa = PBXReferenceProxy;
			fileType = "compiled.mach-o.executable";
			path = scalar_4_test;
			remoteRef = ED85DFD70BECF54C0018EFC8 /* PBXContainerItemProxy */;
			sourceTree = BUILT_PRODUCTS_DIR;
		};
		ED85DFDA0BECF54C0018EFC8 /* scalar_16_test */ = {
			isa = PBXReferenceProxy;
			fileType = "compiled.mach-o.executable";
			path = scalar_16_test;
			remoteRef = ED85DFD90BECF54C0018EFC8 /* PBXContainerItemProxy */;
			sourceTree = BUILT_PRODUCTS_DIR;
		};
		ED85DFDC0BECF54C0018EFC8 /* altivec_test */ = {
			isa = PBXReferenceProxy;
			fileType = "compiled.mach-o.executable";
			path = altivec_test;
			remoteRef = ED85DFDB0BECF54C0018EFC8 /* PBXContainerItemProxy */;
			sourceTree = BUILT_PRODUCTS_DIR;
		};
		ED85DFDE0BECF54C0018EFC8 /* configure */ = {
			isa = PBXReferenceProxy;
			fileType = "compiled.mach-o.executable";
			path = configure;
			remoteRef = ED85DFDD0BECF54C0018EFC8 /* PBXContainerItemProxy */;
			sourceTree = BUILT_PRODUCTS_DIR;
		};
		ED85DFE00BECF54C0018EFC8 /* vvm.framework */ = {
			isa = PBXReferenceProxy;
			fileType = wrapper.framework;
			path = vvm.framework;
			remoteRef = ED85DFDF0BECF54C0018EFC8 /* PBXContainerItemProxy */;
			sourceTree = BUILT_PRODUCTS_DIR;
		};
		ED85DFE20BECF54C0018EFC8 /* shortgen */ = {
			isa = PBXReferenceProxy;
			fileType = "compiled.mach-o.executable";
			path = shortgen;
			remoteRef = ED85DFE10BECF54C0018EFC8 /* PBXContainerItemProxy */;
			sourceTree = BUILT_PRODUCTS_DIR;
		};
		ED85DFE40BECF54C0018EFC8 /* arithmetic_novp */ = {
			isa = PBXReferenceProxy;
			fileType = "compiled.mach-o.executable";
			path = arithmetic_novp;
			remoteRef = ED85DFE30BECF54C0018EFC8 /* PBXContainerItemProxy */;
			sourceTree = BUILT_PRODUCTS_DIR;
		};
		ED85DFF30BECF55D0018EFC8 /* common.framework */ = {
			isa = PBXReferenceProxy;
			fileType = wrapper.framework;
			path = common.framework;
			remoteRef = ED85DFF20BECF55D0018EFC8 /* PBXContainerItemProxy */;
			sourceTree = BUILT_PRODUCTS_DIR;
		};
		ED85DFF50BECF55D0018EFC8 /* libbclai_common.a */ = {
			isa = PBXReferenceProxy;
			fileType = archive.ar;
			path = libbclai_common.a;
			remoteRef = ED85DFF40BECF55D0018EFC8 /* PBXContainerItemProxy */;
			sourceTree = BUILT_PRODUCTS_DIR;
		};
/* End PBXReferenceProxy section */

/* Begin PBXRezBuildPhase section */
		02B868240623EB5B00FF12DB /* Rez */ = {
			isa = PBXRezBuildPhase;
			buildActionMask = 2147483647;
			files = (
			);
			runOnlyForDeploymentPostprocessing = 0;
		};
		ED09B2BA0606FEF5001A1D74 /* Rez */ = {
			isa = PBXRezBuildPhase;
			buildActionMask = 2147483647;
			files = (
			);
			runOnlyForDeploymentPostprocessing = 0;
		};
		ED45A319062021A6009CC24A /* Rez */ = {
			isa = PBXRezBuildPhase;
			buildActionMask = 2147483647;
			files = (
			);
			runOnlyForDeploymentPostprocessing = 0;
		};
		ED9C6F430621855E00B659D7 /* Rez */ = {
			isa = PBXRezBuildPhase;
			buildActionMask = 2147483647;
			files = (
			);
			runOnlyForDeploymentPostprocessing = 0;
		};
/* End PBXRezBuildPhase section */

/* Begin PBXSourcesBuildPhase section */
		02B868230623EB5B00FF12DB /* Sources */ = {
			isa = PBXSourcesBuildPhase;
			buildActionMask = 2147483647;
			files = (
				02B8682F0623EDB500FF12DB /* grab_continuously.cpp in Sources */,
			);
			runOnlyForDeploymentPostprocessing = 0;
		};
		ED09B2B00606FEF5001A1D74 /* Sources */ = {
			isa = PBXSourcesBuildPhase;
			buildActionMask = 2147483647;
			files = (
				ED09B2B10606FEF5001A1D74 /* grab_to_file.cpp in Sources */,
			);
			runOnlyForDeploymentPostprocessing = 0;
		};
		ED45A318062021A6009CC24A /* Sources */ = {
			isa = PBXSourcesBuildPhase;
			buildActionMask = 2147483647;
			files = (
				ED45A6FD06202520009CC24A /* sub_images.cpp in Sources */,
			);
			runOnlyForDeploymentPostprocessing = 0;
		};
		ED9C6F420621855E00B659D7 /* Sources */ = {
			isa = PBXSourcesBuildPhase;
			buildActionMask = 2147483647;
			files = (
				ED9C6F5B062185FA00B659D7 /* grab_and_invert.cpp in Sources */,
			);
			runOnlyForDeploymentPostprocessing = 0;
		};
/* End PBXSourcesBuildPhase section */

/* Begin XCBuildConfiguration section */
		ED85DF7C0BECF52B0018EFC8 /* Scalar (Development) */ = {
			isa = XCBuildConfiguration;
			buildSettings = {
				COPY_PHASE_STRIP = NO;
				FRAMEWORK_SEARCH_PATHS = "$(FRAMEWORKS_ROOT)";
				GCC_GENERATE_DEBUGGING_SYMBOLS = YES;
				GCC_OPTIMIZATION_LEVEL = 0;
				GCC_PRECOMPILE_PREFIX_HEADER = YES;
				GCC_PREFIX_HEADER = "$(SYSTEM_LIBRARY_DIR)/Frameworks/Carbon.framework/Headers/Carbon.h";
				GCC_WARN_FOUR_CHARACTER_CONSTANTS = NO;
				GCC_WARN_UNKNOWN_PRAGMAS = NO;
				HEADER_SEARCH_PATHS = (
					"$(BOOST_ROOT)",
					"$(CT_INCLUDE_PATH)",
				);
				INSTALL_PATH = /usr/local/bin;
				LIBRARY_SEARCH_PATHS = "/Users/bclai/thesis/library/boost-1.30.2/libs/thread/build/bin/libboost_thread.dylib/darwin/debug/runtime-link-dynamic/shared-linkable-true";
				OTHER_CFLAGS = "";
				OTHER_LDFLAGS = (
					"-framework",
					Carbon,
				);
				OTHER_REZFLAGS = "";
				PRODUCT_NAME = grab_to_file;
				REZ_EXECUTABLE = YES;
				SECTORDER_FLAGS = "";
				WARNING_CFLAGS = "-Wmost";
			};
			name = "Scalar (Development)";
		};
		ED85DF7D0BECF52B0018EFC8 /* Scalar (Release) */ = {
			isa = XCBuildConfiguration;
			buildSettings = {
				COPY_PHASE_STRIP = YES;
				FRAMEWORK_SEARCH_PATHS = "$(FRAMEWORKS_ROOT)";
				GCC_GENERATE_DEBUGGING_SYMBOLS = NO;
				GCC_OPTIMIZATION_LEVEL = s;
				GCC_PRECOMPILE_PREFIX_HEADER = YES;
				GCC_PREFIX_HEADER = "$(SYSTEM_LIBRARY_DIR)/Frameworks/Carbon.framework/Headers/Carbon.h";
				GCC_WARN_FOUR_CHARACTER_CONSTANTS = NO;
				GCC_WARN_UNKNOWN_PRAGMAS = NO;
				HEADER_SEARCH_PATHS = "$(BOOST_ROOT)";
				INSTALL_PATH = /usr/local/bin;
				LIBRARY_SEARCH_PATHS = "/Users/bclai/thesis/library/boost-1.30.2/libs/thread/build/bin/libboost_thread.dylib/darwin/debug/runtime-link-dynamic/shared-linkable-true";
				OTHER_CFLAGS = "";
				OTHER_LDFLAGS = (
					"-framework",
					Carbon,
				);
				OTHER_REZFLAGS = "";
				PRODUCT_NAME = grab_to_file;
				REZ_EXECUTABLE = YES;
				SECTORDER_FLAGS = "";
				WARNING_CFLAGS = "-Wmost";
			};
			name = "Scalar (Release)";
		};
		ED85DF7E0BECF52B0018EFC8 /* AltiVec (Development) */ = {
			isa = XCBuildConfiguration;
			buildSettings = {
				COPY_PHASE_STRIP = NO;
				FRAMEWORK_SEARCH_PATHS = "$(FRAMEWORKS_ROOT)";
				GCC_ALTIVEC_EXTENSIONS = YES;
				GCC_GENERATE_DEBUGGING_SYMBOLS = YES;
				GCC_OPTIMIZATION_LEVEL = 0;
				GCC_PRECOMPILE_PREFIX_HEADER = YES;
				GCC_PREFIX_HEADER = "$(SYSTEM_LIBRARY_DIR)/Frameworks/Carbon.framework/Headers/Carbon.h";
				GCC_WARN_FOUR_CHARACTER_CONSTANTS = NO;
				GCC_WARN_UNKNOWN_PRAGMAS = NO;
				HEADER_SEARCH_PATHS = "$(BOOST_ROOT)";
				INSTALL_PATH = /usr/local/bin;
				LIBRARY_SEARCH_PATHS = "/Users/bclai/thesis/library/boost-1.30.2/libs/thread/build/bin/libboost_thread.dylib/darwin/debug/runtime-link-dynamic/shared-linkable-true";
				OTHER_CFLAGS = "";
				OTHER_LDFLAGS = (
					"-framework",
					Carbon,
				);
				OTHER_REZFLAGS = "";
				PRODUCT_NAME = grab_to_file;
				REZ_EXECUTABLE = YES;
				SECTORDER_FLAGS = "";
				WARNING_CFLAGS = "-Wmost";
			};
			name = "AltiVec (Development)";
		};
		ED85DF7F0BECF52B0018EFC8 /* AltiVec (Release) */ = {
			isa = XCBuildConfiguration;
			buildSettings = {
				COPY_PHASE_STRIP = YES;
				FRAMEWORK_SEARCH_PATHS = "$(FRAMEWORKS_ROOT)";
				GCC_ALTIVEC_EXTENSIONS = YES;
				GCC_GENERATE_DEBUGGING_SYMBOLS = NO;
				GCC_OPTIMIZATION_LEVEL = s;
				GCC_PRECOMPILE_PREFIX_HEADER = YES;
				GCC_PREFIX_HEADER = "$(SYSTEM_LIBRARY_DIR)/Frameworks/Carbon.framework/Headers/Carbon.h";
				GCC_WARN_FOUR_CHARACTER_CONSTANTS = NO;
				GCC_WARN_UNKNOWN_PRAGMAS = NO;
				HEADER_SEARCH_PATHS = "$(BOOST_ROOT)";
				INSTALL_PATH = /usr/local/bin;
				LIBRARY_SEARCH_PATHS = "/Users/bclai/thesis/library/boost-1.30.2/libs/thread/build/bin/libboost_thread.dylib/darwin/debug/runtime-link-dynamic/shared-linkable-true";
				OTHER_CFLAGS = "";
				OTHER_LDFLAGS = (
					"-framework",
					Carbon,
				);
				OTHER_REZFLAGS = "";
				PRODUCT_NAME = grab_to_file;
				REZ_EXECUTABLE = YES;
				SECTORDER_FLAGS = "";
				WARNING_CFLAGS = "-Wmost";
			};
			name = "AltiVec (Release)";
		};
		ED85DF800BECF52B0018EFC8 /* Default */ = {
			isa = XCBuildConfiguration;
			buildSettings = {
				GCC_PRECOMPILE_PREFIX_HEADER = YES;
				GCC_PREFIX_HEADER = "$(SYSTEM_LIBRARY_DIR)/Frameworks/Carbon.framework/Headers/Carbon.h";
				GCC_WARN_FOUR_CHARACTER_CONSTANTS = NO;
				GCC_WARN_UNKNOWN_PRAGMAS = NO;
				INSTALL_PATH = /usr/local/bin;
				LIBRARY_SEARCH_PATHS = "/Users/bclai/thesis/library/boost-1.30.2/libs/thread/build/bin/libboost_thread.dylib/darwin/debug/runtime-link-dynamic/shared-linkable-true";
				OTHER_CFLAGS = "";
				OTHER_LDFLAGS = (
					"-framework",
					Carbon,
				);
				OTHER_REZFLAGS = "";
				PRODUCT_NAME = grab_to_file;
				REZ_EXECUTABLE = YES;
				SECTORDER_FLAGS = "";
				WARNING_CFLAGS = "-Wmost";
			};
			name = Default;
		};
		ED85DF820BECF52B0018EFC8 /* Scalar (Development) */ = {
			isa = XCBuildConfiguration;
			buildSettings = {
				COPY_PHASE_STRIP = NO;
				FRAMEWORK_SEARCH_PATHS = "$(FRAMEWORKS_ROOT)";
				GCC_GENERATE_DEBUGGING_SYMBOLS = YES;
				GCC_OPTIMIZATION_LEVEL = 0;
				GCC_PRECOMPILE_PREFIX_HEADER = YES;
				GCC_PREFIX_HEADER = "$(SYSTEM_LIBRARY_DIR)/Frameworks/Carbon.framework/Headers/Carbon.h";
				GCC_WARN_FOUR_CHARACTER_CONSTANTS = NO;
				GCC_WARN_UNKNOWN_PRAGMAS = NO;
				HEADER_SEARCH_PATHS = (
					"$(BOOST_ROOT)",
					"$(CT_INCLUDE_PATH)",
				);
				INSTALL_PATH = /usr/local/bin;
				LIBRARY_SEARCH_PATHS = "/Users/bl12/thesis/library/boost-1.30.2/libs/thread/build/bin/libboost_thread.dylib/darwin/debug/runtime-link-dynamic/shared-linkable-true";
				OTHER_CFLAGS = "";
				OTHER_LDFLAGS = (
					"-framework",
					Carbon,
				);
				OTHER_REZFLAGS = "";
				PRODUCT_NAME = sub_images;
				REZ_EXECUTABLE = YES;
				SECTORDER_FLAGS = "";
				WARNING_CFLAGS = "-Wmost";
			};
			name = "Scalar (Development)";
		};
		ED85DF830BECF52B0018EFC8 /* Scalar (Release) */ = {
			isa = XCBuildConfiguration;
			buildSettings = {
				COPY_PHASE_STRIP = YES;
				FRAMEWORK_SEARCH_PATHS = "$(FRAMEWORKS_ROOT)";
				GCC_GENERATE_DEBUGGING_SYMBOLS = NO;
				GCC_OPTIMIZATION_LEVEL = s;
				GCC_PRECOMPILE_PREFIX_HEADER = YES;
				GCC_PREFIX_HEADER = "$(SYSTEM_LIBRARY_DIR)/Frameworks/Carbon.framework/Headers/Carbon.h";
				GCC_WARN_FOUR_CHARACTER_CONSTANTS = NO;
				GCC_WARN_UNKNOWN_PRAGMAS = NO;
				HEADER_SEARCH_PATHS = "$(BOOST_ROOT)";
				INSTALL_PATH = /usr/local/bin;
				LIBRARY_SEARCH_PATHS = "/Users/bl12/thesis/library/boost-1.30.2/libs/thread/build/bin/libboost_thread.dylib/darwin/debug/runtime-link-dynamic/shared-linkable-true";
				OTHER_CFLAGS = "";
				OTHER_LDFLAGS = (
					"-framework",
					Carbon,
				);
				OTHER_REZFLAGS = "";
				PRODUCT_NAME = sub_images;
				REZ_EXECUTABLE = YES;
				SECTORDER_FLAGS = "";
				WARNING_CFLAGS = "-Wmost";
			};
			name = "Scalar (Release)";
		};
		ED85DF840BECF52B0018EFC8 /* AltiVec (Development) */ = {
			isa = XCBuildConfiguration;
			buildSettings = {
				COPY_PHASE_STRIP = NO;
				FRAMEWORK_SEARCH_PATHS = "$(FRAMEWORKS_ROOT)";
				GCC_ALTIVEC_EXTENSIONS = YES;
				GCC_GENERATE_DEBUGGING_SYMBOLS = YES;
				GCC_OPTIMIZATION_LEVEL = 0;
				GCC_PRECOMPILE_PREFIX_HEADER = YES;
				GCC_PREFIX_HEADER = "$(SYSTEM_LIBRARY_DIR)/Frameworks/Carbon.framework/Headers/Carbon.h";
				GCC_WARN_FOUR_CHARACTER_CONSTANTS = NO;
				GCC_WARN_UNKNOWN_PRAGMAS = NO;
				HEADER_SEARCH_PATHS = "$(BOOST_ROOT)";
				INSTALL_PATH = /usr/local/bin;
				LIBRARY_SEARCH_PATHS = "/Users/bl12/thesis/library/boost-1.30.2/libs/thread/build/bin/libboost_thread.dylib/darwin/debug/runtime-link-dynamic/shared-linkable-true";
				OTHER_CFLAGS = "";
				OTHER_LDFLAGS = (
					"-framework",
					Carbon,
				);
				OTHER_REZFLAGS = "";
				PRODUCT_NAME = sub_images;
				REZ_EXECUTABLE = YES;
				SECTORDER_FLAGS = "";
				WARNING_CFLAGS = "-Wmost";
			};
			name = "AltiVec (Development)";
		};
		ED85DF850BECF52B0018EFC8 /* AltiVec (Release) */ = {
			isa = XCBuildConfiguration;
			buildSettings = {
				COPY_PHASE_STRIP = YES;
				FRAMEWORK_SEARCH_PATHS = "$(FRAMEWORKS_ROOT)";
				GCC_ALTIVEC_EXTENSIONS = YES;
				GCC_GENERATE_DEBUGGING_SYMBOLS = NO;
				GCC_OPTIMIZATION_LEVEL = s;
				GCC_PRECOMPILE_PREFIX_HEADER = YES;
				GCC_PREFIX_HEADER = "$(SYSTEM_LIBRARY_DIR)/Frameworks/Carbon.framework/Headers/Carbon.h";
				GCC_WARN_FOUR_CHARACTER_CONSTANTS = NO;
				GCC_WARN_UNKNOWN_PRAGMAS = NO;
				HEADER_SEARCH_PATHS = "$(BOOST_ROOT)";
				INSTALL_PATH = /usr/local/bin;
				LIBRARY_SEARCH_PATHS = "/Users/bl12/thesis/library/boost-1.30.2/libs/thread/build/bin/libboost_thread.dylib/darwin/debug/runtime-link-dynamic/shared-linkable-true";
				OTHER_CFLAGS = "";
				OTHER_LDFLAGS = (
					"-framework",
					Carbon,
				);
				OTHER_REZFLAGS = "";
				PRODUCT_NAME = sub_images;
				REZ_EXECUTABLE = YES;
				SECTORDER_FLAGS = "";
				WARNING_CFLAGS = "-Wmost";
			};
			name = "AltiVec (Release)";
		};
		ED85DF860BECF52B0018EFC8 /* Default */ = {
			isa = XCBuildConfiguration;
			buildSettings = {
				GCC_PRECOMPILE_PREFIX_HEADER = YES;
				GCC_PREFIX_HEADER = "$(SYSTEM_LIBRARY_DIR)/Frameworks/Carbon.framework/Headers/Carbon.h";
				GCC_WARN_FOUR_CHARACTER_CONSTANTS = NO;
				GCC_WARN_UNKNOWN_PRAGMAS = NO;
				INSTALL_PATH = /usr/local/bin;
				LIBRARY_SEARCH_PATHS = "/Users/bl12/thesis/library/boost-1.30.2/libs/thread/build/bin/libboost_thread.dylib/darwin/debug/runtime-link-dynamic/shared-linkable-true";
				OTHER_CFLAGS = "";
				OTHER_LDFLAGS = (
					"-framework",
					Carbon,
				);
				OTHER_REZFLAGS = "";
				PRODUCT_NAME = sub_images;
				REZ_EXECUTABLE = YES;
				SECTORDER_FLAGS = "";
				WARNING_CFLAGS = "-Wmost";
			};
			name = Default;
		};
		ED85DF880BECF52B0018EFC8 /* Scalar (Development) */ = {
			isa = XCBuildConfiguration;
			buildSettings = {
				COPY_PHASE_STRIP = NO;
				FRAMEWORK_SEARCH_PATHS = "$(FRAMEWORKS_ROOT)";
				GCC_GENERATE_DEBUGGING_SYMBOLS = YES;
				GCC_OPTIMIZATION_LEVEL = 0;
				GCC_PRECOMPILE_PREFIX_HEADER = YES;
				GCC_PREFIX_HEADER = "$(SYSTEM_LIBRARY_DIR)/Frameworks/Carbon.framework/Headers/Carbon.h";
				GCC_WARN_FOUR_CHARACTER_CONSTANTS = NO;
				GCC_WARN_UNKNOWN_PRAGMAS = NO;
				HEADER_SEARCH_PATHS = (
					"$(BOOST_ROOT)",
					"$(CT_INCLUDE_PATH)",
				);
				INSTALL_PATH = /usr/local/bin;
				LIBRARY_SEARCH_PATHS = "/Users/bl12/thesis/library/boost-1.30.2/libs/thread/build/bin/libboost_thread.dylib/darwin/debug/runtime-link-dynamic/shared-linkable-true";
				OTHER_CFLAGS = "";
				OTHER_LDFLAGS = (
					"-framework",
					Carbon,
				);
				OTHER_REZFLAGS = "";
				PRODUCT_NAME = grab_and_invert;
				REZ_EXECUTABLE = YES;
				SECTORDER_FLAGS = "";
				WARNING_CFLAGS = "-Wmost";
			};
			name = "Scalar (Development)";
		};
		ED85DF890BECF52B0018EFC8 /* Scalar (Release) */ = {
			isa = XCBuildConfiguration;
			buildSettings = {
				COPY_PHASE_STRIP = YES;
				FRAMEWORK_SEARCH_PATHS = "$(FRAMEWORKS_ROOT)";
				GCC_GENERATE_DEBUGGING_SYMBOLS = NO;
				GCC_OPTIMIZATION_LEVEL = s;
				GCC_PRECOMPILE_PREFIX_HEADER = YES;
				GCC_PREFIX_HEADER = "$(SYSTEM_LIBRARY_DIR)/Frameworks/Carbon.framework/Headers/Carbon.h";
				GCC_WARN_FOUR_CHARACTER_CONSTANTS = NO;
				GCC_WARN_UNKNOWN_PRAGMAS = NO;
				HEADER_SEARCH_PATHS = "$(BOOST_ROOT)";
				INSTALL_PATH = /usr/local/bin;
				LIBRARY_SEARCH_PATHS = "/Users/bl12/thesis/library/boost-1.30.2/libs/thread/build/bin/libboost_thread.dylib/darwin/debug/runtime-link-dynamic/shared-linkable-true";
				OTHER_CFLAGS = "";
				OTHER_LDFLAGS = (
					"-framework",
					Carbon,
				);
				OTHER_REZFLAGS = "";
				PRODUCT_NAME = grab_and_invert;
				REZ_EXECUTABLE = YES;
				SECTORDER_FLAGS = "";
				WARNING_CFLAGS = "-Wmost";
			};
			name = "Scalar (Release)";
		};
		ED85DF8A0BECF52B0018EFC8 /* AltiVec (Development) */ = {
			isa = XCBuildConfiguration;
			buildSettings = {
				COPY_PHASE_STRIP = NO;
				FRAMEWORK_SEARCH_PATHS = "$(FRAMEWORKS_ROOT)";
				GCC_ALTIVEC_EXTENSIONS = YES;
				GCC_GENERATE_DEBUGGING_SYMBOLS = YES;
				GCC_OPTIMIZATION_LEVEL = 0;
				GCC_PRECOMPILE_PREFIX_HEADER = YES;
				GCC_PREFIX_HEADER = "$(SYSTEM_LIBRARY_DIR)/Frameworks/Carbon.framework/Headers/Carbon.h";
				GCC_WARN_FOUR_CHARACTER_CONSTANTS = NO;
				GCC_WARN_UNKNOWN_PRAGMAS = NO;
				HEADER_SEARCH_PATHS = "$(BOOST_ROOT)";
				INSTALL_PATH = /usr/local/bin;
				LIBRARY_SEARCH_PATHS = "/Users/bl12/thesis/library/boost-1.30.2/libs/thread/build/bin/libboost_thread.dylib/darwin/debug/runtime-link-dynamic/shared-linkable-true";
				OTHER_CFLAGS = "";
				OTHER_LDFLAGS = (
					"-framework",
					Carbon,
				);
				OTHER_REZFLAGS = "";
				PRODUCT_NAME = grab_and_invert;
				REZ_EXECUTABLE = YES;
				SECTORDER_FLAGS = "";
				WARNING_CFLAGS = "-Wmost";
			};
			name = "AltiVec (Development)";
		};
		ED85DF8B0BECF52B0018EFC8 /* AltiVec (Release) */ = {
			isa = XCBuildConfiguration;
			buildSettings = {
				COPY_PHASE_STRIP = YES;
				FRAMEWORK_SEARCH_PATHS = "$(FRAMEWORKS_ROOT)";
				GCC_ALTIVEC_EXTENSIONS = YES;
				GCC_GENERATE_DEBUGGING_SYMBOLS = NO;
				GCC_OPTIMIZATION_LEVEL = s;
				GCC_PRECOMPILE_PREFIX_HEADER = YES;
				GCC_PREFIX_HEADER = "$(SYSTEM_LIBRARY_DIR)/Frameworks/Carbon.framework/Headers/Carbon.h";
				GCC_WARN_FOUR_CHARACTER_CONSTANTS = NO;
				GCC_WARN_UNKNOWN_PRAGMAS = NO;
				HEADER_SEARCH_PATHS = "$(BOOST_ROOT)";
				INSTALL_PATH = /usr/local/bin;
				LIBRARY_SEARCH_PATHS = "/Users/bl12/thesis/library/boost-1.30.2/libs/thread/build/bin/libboost_thread.dylib/darwin/debug/runtime-link-dynamic/shared-linkable-true";
				OTHER_CFLAGS = "";
				OTHER_LDFLAGS = (
					"-framework",
					Carbon,
				);
				OTHER_REZFLAGS = "";
				PRODUCT_NAME = grab_and_invert;
				REZ_EXECUTABLE = YES;
				SECTORDER_FLAGS = "";
				WARNING_CFLAGS = "-Wmost";
			};
			name = "AltiVec (Release)";
		};
		ED85DF8C0BECF52B0018EFC8 /* Default */ = {
			isa = XCBuildConfiguration;
			buildSettings = {
				GCC_PRECOMPILE_PREFIX_HEADER = YES;
				GCC_PREFIX_HEADER = "$(SYSTEM_LIBRARY_DIR)/Frameworks/Carbon.framework/Headers/Carbon.h";
				GCC_WARN_FOUR_CHARACTER_CONSTANTS = NO;
				GCC_WARN_UNKNOWN_PRAGMAS = NO;
				INSTALL_PATH = /usr/local/bin;
				LIBRARY_SEARCH_PATHS = "/Users/bl12/thesis/library/boost-1.30.2/libs/thread/build/bin/libboost_thread.dylib/darwin/debug/runtime-link-dynamic/shared-linkable-true";
				OTHER_CFLAGS = "";
				OTHER_LDFLAGS = (
					"-framework",
					Carbon,
				);
				OTHER_REZFLAGS = "";
				PRODUCT_NAME = grab_and_invert;
				REZ_EXECUTABLE = YES;
				SECTORDER_FLAGS = "";
				WARNING_CFLAGS = "-Wmost";
			};
			name = Default;
		};
		ED85DF8E0BECF52B0018EFC8 /* Scalar (Development) */ = {
			isa = XCBuildConfiguration;
			buildSettings = {
				COPY_PHASE_STRIP = NO;
				FRAMEWORK_SEARCH_PATHS = "$(FRAMEWORKS_ROOT)";
				GCC_GENERATE_DEBUGGING_SYMBOLS = YES;
				GCC_OPTIMIZATION_LEVEL = 0;
				GCC_PRECOMPILE_PREFIX_HEADER = YES;
				GCC_PREFIX_HEADER = "$(SYSTEM_LIBRARY_DIR)/Frameworks/Carbon.framework/Headers/Carbon.h";
				GCC_WARN_FOUR_CHARACTER_CONSTANTS = NO;
				GCC_WARN_UNKNOWN_PRAGMAS = NO;
				HEADER_SEARCH_PATHS = (
					"$(BOOST_ROOT)",
					"$(CT_INCLUDE_PATH)",
				);
				INSTALL_PATH = /usr/local/bin;
				LIBRARY_SEARCH_PATHS = "/Users/bl12/thesis/library/boost-1.30.2/libs/thread/build/bin/libboost_thread.dylib/darwin/debug/runtime-link-dynamic/shared-linkable-true";
				OTHER_CFLAGS = "";
				OTHER_LDFLAGS = (
					"-framework",
					Carbon,
				);
				OTHER_REZFLAGS = "";
				PRODUCT_NAME = grab_continuously;
				REZ_EXECUTABLE = YES;
				SECTORDER_FLAGS = "";
				WARNING_CFLAGS = "-Wmost";
			};
			name = "Scalar (Development)";
		};
		ED85DF8F0BECF52B0018EFC8 /* Scalar (Release) */ = {
			isa = XCBuildConfiguration;
			buildSettings = {
				COPY_PHASE_STRIP = YES;
				FRAMEWORK_SEARCH_PATHS = "$(FRAMEWORKS_ROOT)";
				GCC_GENERATE_DEBUGGING_SYMBOLS = NO;
				GCC_OPTIMIZATION_LEVEL = s;
				GCC_PRECOMPILE_PREFIX_HEADER = YES;
				GCC_PREFIX_HEADER = "$(SYSTEM_LIBRARY_DIR)/Frameworks/Carbon.framework/Headers/Carbon.h";
				GCC_WARN_FOUR_CHARACTER_CONSTANTS = NO;
				GCC_WARN_UNKNOWN_PRAGMAS = NO;
				HEADER_SEARCH_PATHS = "$(BOOST_ROOT)";
				INSTALL_PATH = /usr/local/bin;
				LIBRARY_SEARCH_PATHS = "/Users/bl12/thesis/library/boost-1.30.2/libs/thread/build/bin/libboost_thread.dylib/darwin/debug/runtime-link-dynamic/shared-linkable-true";
				OTHER_CFLAGS = "";
				OTHER_LDFLAGS = (
					"-framework",
					Carbon,
				);
				OTHER_REZFLAGS = "";
				PRODUCT_NAME = grab_continuously;
				REZ_EXECUTABLE = YES;
				SECTORDER_FLAGS = "";
				WARNING_CFLAGS = "-Wmost";
			};
			name = "Scalar (Release)";
		};
		ED85DF900BECF52B0018EFC8 /* AltiVec (Development) */ = {
			isa = XCBuildConfiguration;
			buildSettings = {
				COPY_PHASE_STRIP = NO;
				FRAMEWORK_SEARCH_PATHS = "$(FRAMEWORKS_ROOT)";
				GCC_ALTIVEC_EXTENSIONS = YES;
				GCC_GENERATE_DEBUGGING_SYMBOLS = YES;
				GCC_OPTIMIZATION_LEVEL = 0;
				GCC_PRECOMPILE_PREFIX_HEADER = YES;
				GCC_PREFIX_HEADER = "$(SYSTEM_LIBRARY_DIR)/Frameworks/Carbon.framework/Headers/Carbon.h";
				GCC_WARN_FOUR_CHARACTER_CONSTANTS = NO;
				GCC_WARN_UNKNOWN_PRAGMAS = NO;
				HEADER_SEARCH_PATHS = "$(BOOST_ROOT)";
				INSTALL_PATH = /usr/local/bin;
				LIBRARY_SEARCH_PATHS = "/Users/bl12/thesis/library/boost-1.30.2/libs/thread/build/bin/libboost_thread.dylib/darwin/debug/runtime-link-dynamic/shared-linkable-true";
				OTHER_CFLAGS = "";
				OTHER_LDFLAGS = (
					"-framework",
					Carbon,
				);
				OTHER_REZFLAGS = "";
				PRODUCT_NAME = grab_continuously;
				REZ_EXECUTABLE = YES;
				SECTORDER_FLAGS = "";
				WARNING_CFLAGS = "-Wmost";
			};
			name = "AltiVec (Development)";
		};
		ED85DF910BECF52B0018EFC8 /* AltiVec (Release) */ = {
			isa = XCBuildConfiguration;
			buildSettings = {
				COPY_PHASE_STRIP = YES;
				FRAMEWORK_SEARCH_PATHS = "$(FRAMEWORKS_ROOT)";
				GCC_ALTIVEC_EXTENSIONS = YES;
				GCC_GENERATE_DEBUGGING_SYMBOLS = NO;
				GCC_OPTIMIZATION_LEVEL = s;
				GCC_PRECOMPILE_PREFIX_HEADER = YES;
				GCC_PREFIX_HEADER = "$(SYSTEM_LIBRARY_DIR)/Frameworks/Carbon.framework/Headers/Carbon.h";
				GCC_WARN_FOUR_CHARACTER_CONSTANTS = NO;
				GCC_WARN_UNKNOWN_PRAGMAS = NO;
				HEADER_SEARCH_PATHS = "$(BOOST_ROOT)";
				INSTALL_PATH = /usr/local/bin;
				LIBRARY_SEARCH_PATHS = "/Users/bl12/thesis/library/boost-1.30.2/libs/thread/build/bin/libboost_thread.dylib/darwin/debug/runtime-link-dynamic/shared-linkable-true";
				OTHER_CFLAGS = "";
				OTHER_LDFLAGS = (
					"-framework",
					Carbon,
				);
				OTHER_REZFLAGS = "";
				PRODUCT_NAME = grab_continuously;
				REZ_EXECUTABLE = YES;
				SECTORDER_FLAGS = "";
				WARNING_CFLAGS = "-Wmost";
			};
			name = "AltiVec (Release)";
		};
		ED85DF920BECF52B0018EFC8 /* Default */ = {
			isa = XCBuildConfiguration;
			buildSettings = {
				GCC_PRECOMPILE_PREFIX_HEADER = YES;
				GCC_PREFIX_HEADER = "$(SYSTEM_LIBRARY_DIR)/Frameworks/Carbon.framework/Headers/Carbon.h";
				GCC_WARN_FOUR_CHARACTER_CONSTANTS = NO;
				GCC_WARN_UNKNOWN_PRAGMAS = NO;
				INSTALL_PATH = /usr/local/bin;
				LIBRARY_SEARCH_PATHS = "/Users/bl12/thesis/library/boost-1.30.2/libs/thread/build/bin/libboost_thread.dylib/darwin/debug/runtime-link-dynamic/shared-linkable-true";
				OTHER_CFLAGS = "";
				OTHER_LDFLAGS = (
					"-framework",
					Carbon,
				);
				OTHER_REZFLAGS = "";
				PRODUCT_NAME = grab_continuously;
				REZ_EXECUTABLE = YES;
				SECTORDER_FLAGS = "";
				WARNING_CFLAGS = "-Wmost";
			};
			name = Default;
		};
		ED85DF940BECF52B0018EFC8 /* Scalar (Development) */ = {
			isa = XCBuildConfiguration;
			buildSettings = {
				BOOST_ROOT = /Users/bclai/thesis/library/boost_1_33_1;
				HEADER_SEARCH_PATHS = (
					"$(BOOST_ROOT)",
					"$(CT_INCLUDE_PATH)",
				);
			};
			name = "Scalar (Development)";
		};
		ED85DF950BECF52B0018EFC8 /* Scalar (Release) */ = {
			isa = XCBuildConfiguration;
			buildSettings = {
				BOOST_ROOT = /Users/bclai/thesis/library/boost_1_33_1;
				HEADER_SEARCH_PATHS = (
					"$(BOOST_ROOT)",
					"$(CT_INCLUDE_PATH)",
				);
			};
			name = "Scalar (Release)";
		};
		ED85DF960BECF52B0018EFC8 /* AltiVec (Development) */ = {
			isa = XCBuildConfiguration;
			buildSettings = {
				BOOST_ROOT = /Users/bclai/thesis/library/boost_1_33_1;
				HEADER_SEARCH_PATHS = (
					"$(BOOST_ROOT)",
					"$(CT_INCLUDE_PATH)",
				);
			};
			name = "AltiVec (Development)";
		};
		ED85DF970BECF52B0018EFC8 /* AltiVec (Release) */ = {
			isa = XCBuildConfiguration;
			buildSettings = {
				BOOST_ROOT = /Users/bclai/thesis/library/boost_1_33_1;
				HEADER_SEARCH_PATHS = (
					"$(BOOST_ROOT)",
					"$(CT_INCLUDE_PATH)",
				);
			};
			name = "AltiVec (Release)";
		};
		ED85DF980BECF52B0018EFC8 /* Default */ = {
			isa = XCBuildConfiguration;
			buildSettings = {
				BOOST_ROOT = /Users/bclai/thesis/library/boost_1_33_1;
				HEADER_SEARCH_PATHS = (
					"$(BOOST_ROOT)",
					"$(CT_INCLUDE_PATH)",
				);
			};
			name = Default;
		};
/* End XCBuildConfiguration section */

/* Begin XCConfigurationList section */
		ED85DF7B0BECF52B0018EFC8 /* Build configuration list for PBXNativeTarget "grab_to_file" */ = {
			isa = XCConfigurationList;
			buildConfigurations = (
				ED85DF7C0BECF52B0018EFC8 /* Scalar (Development) */,
				ED85DF7D0BECF52B0018EFC8 /* Scalar (Release) */,
				ED85DF7E0BECF52B0018EFC8 /* AltiVec (Development) */,
				ED85DF7F0BECF52B0018EFC8 /* AltiVec (Release) */,
				ED85DF800BECF52B0018EFC8 /* Default */,
			);
			defaultConfigurationIsVisible = 0;
			defaultConfigurationName = Default;
		};
		ED85DF810BECF52B0018EFC8 /* Build configuration list for PBXNativeTarget "sub_images" */ = {
			isa = XCConfigurationList;
			buildConfigurations = (
				ED85DF820BECF52B0018EFC8 /* Scalar (Development) */,
				ED85DF830BECF52B0018EFC8 /* Scalar (Release) */,
				ED85DF840BECF52B0018EFC8 /* AltiVec (Development) */,
				ED85DF850BECF52B0018EFC8 /* AltiVec (Release) */,
				ED85DF860BECF52B0018EFC8 /* Default */,
			);
			defaultConfigurationIsVisible = 0;
			defaultConfigurationName = Default;
		};
		ED85DF870BECF52B0018EFC8 /* Build configuration list for PBXNativeTarget "grab_and_invert" */ = {
			isa = XCConfigurationList;
			buildConfigurations = (
				ED85DF880BECF52B0018EFC8 /* Scalar (Development) */,
				ED85DF890BECF52B0018EFC8 /* Scalar (Release) */,
				ED85DF8A0BECF52B0018EFC8 /* AltiVec (Development) */,
				ED85DF8B0BECF52B0018EFC8 /* AltiVec (Release) */,
				ED85DF8C0BECF52B0018EFC8 /* Default */,
			);
			defaultConfigurationIsVisible = 0;
			defaultConfigurationName = Default;
		};
		ED85DF8D0BECF52B0018EFC8 /* Build configuration list for PBXNativeTarget "grab_continuously" */ = {
			isa = XCConfigurationList;
			buildConfigurations = (
				ED85DF8E0BECF52B0018EFC8 /* Scalar (Development) */,
				ED85DF8F0BECF52B0018EFC8 /* Scalar (Release) */,
				ED85DF900BECF52B0018EFC8 /* AltiVec (Development) */,
				ED85DF910BECF52B0018EFC8 /* AltiVec (Release) */,
				ED85DF920BECF52B0018EFC8 /* Default */,
			);
			defaultConfigurationIsVisible = 0;
			defaultConfigurationName = Default;
		};
		ED85DF930BECF52B0018EFC8 /* Build configuration list for PBXProject "examples" */ = {
			isa = XCConfigurationList;
			buildConfigurations = (
				ED85DF940BECF52B0018EFC8 /* Scalar (Development) */,
				ED85DF950BECF52B0018EFC8 /* Scalar (Release) */,
				ED85DF960BECF52B0018EFC8 /* AltiVec (Development) */,
				ED85DF970BECF52B0018EFC8 /* AltiVec (Release) */,
				ED85DF980BECF52B0018EFC8 /* Default */,
			);
			defaultConfigurationIsVisible = 0;
			defaultConfigurationName = Default;
		};
/* End XCConfigurationList section */
	};
	rootObject = ED5BCF68041C78EE0082428A /* Project object */;
}
